// !$*UTF8*$!
{
	archiveVersion = 1;
	classes = {
	};
	objectVersion = 46;
	objects = {

/* Begin PBXBuildFile section */
		9200469C189D0178007124DA /* SevenSegmentDisplay.m in Sources */ = {isa = PBXBuildFile; fileRef = 9200469B189D0178007124DA /* SevenSegmentDisplay.m */; };
		920046A3189D0A60007124DA /* SevenSegmentDisplay.vsh in Resources */ = {isa = PBXBuildFile; fileRef = 920046A0189D0390007124DA /* SevenSegmentDisplay.vsh */; };
		92020C09189A54ED00B6D8F5 /* background.jpg in Resources */ = {isa = PBXBuildFile; fileRef = 92020C08189A54ED00B6D8F5 /* background.jpg */; };
		92020C0B189A578200B6D8F5 /* circuit.image-atlas in Resources */ = {isa = PBXBuildFile; fileRef = 92DE44AD187C153F00014CB9 /* circuit.image-atlas */; };
		9204C374182E2F5C006A008D /* Foundation.framework in Frameworks */ = {isa = PBXBuildFile; fileRef = 9204C373182E2F5C006A008D /* Foundation.framework */; };
		9204C376182E2F5C006A008D /* CoreGraphics.framework in Frameworks */ = {isa = PBXBuildFile; fileRef = 9204C375182E2F5C006A008D /* CoreGraphics.framework */; };
		9204C378182E2F5C006A008D /* UIKit.framework in Frameworks */ = {isa = PBXBuildFile; fileRef = 9204C377182E2F5C006A008D /* UIKit.framework */; };
		9204C37A182E2F5C006A008D /* GLKit.framework in Frameworks */ = {isa = PBXBuildFile; fileRef = 9204C379182E2F5C006A008D /* GLKit.framework */; };
		9204C37C182E2F5C006A008D /* OpenGLES.framework in Frameworks */ = {isa = PBXBuildFile; fileRef = 9204C37B182E2F5C006A008D /* OpenGLES.framework */; };
		9204C382182E2F5C006A008D /* InfoPlist.strings in Resources */ = {isa = PBXBuildFile; fileRef = 9204C380182E2F5C006A008D /* InfoPlist.strings */; };
		9204C384182E2F5C006A008D /* main.m in Sources */ = {isa = PBXBuildFile; fileRef = 9204C383182E2F5C006A008D /* main.m */; };
		9204C388182E2F5C006A008D /* AppDelegate.m in Sources */ = {isa = PBXBuildFile; fileRef = 9204C387182E2F5C006A008D /* AppDelegate.m */; };
		9204C38B182E2F5C006A008D /* Main.storyboard in Resources */ = {isa = PBXBuildFile; fileRef = 9204C389182E2F5C006A008D /* Main.storyboard */; };
		9204C392182E2F5C006A008D /* ViewController.m in Sources */ = {isa = PBXBuildFile; fileRef = 9204C391182E2F5C006A008D /* ViewController.m */; };
		9204C394182E2F5C006A008D /* Images.xcassets in Resources */ = {isa = PBXBuildFile; fileRef = 9204C393182E2F5C006A008D /* Images.xcassets */; };
		9204C39B182E2F5C006A008D /* XCTest.framework in Frameworks */ = {isa = PBXBuildFile; fileRef = 9204C39A182E2F5C006A008D /* XCTest.framework */; };
		9204C39C182E2F5C006A008D /* Foundation.framework in Frameworks */ = {isa = PBXBuildFile; fileRef = 9204C373182E2F5C006A008D /* Foundation.framework */; };
		9204C39D182E2F5C006A008D /* UIKit.framework in Frameworks */ = {isa = PBXBuildFile; fileRef = 9204C377182E2F5C006A008D /* UIKit.framework */; };
		9204C3A5182E2F5C006A008D /* InfoPlist.strings in Resources */ = {isa = PBXBuildFile; fileRef = 9204C3A3182E2F5C006A008D /* InfoPlist.strings */; };
		92061DE819BDF0720081E3B9 /* TutorialViewController.m in Sources */ = {isa = PBXBuildFile; fileRef = 92061DE719BDF0720081E3B9 /* TutorialViewController.m */; };
		920BC892189E7674004E5D45 /* MongoID.m in Sources */ = {isa = PBXBuildFile; fileRef = 92A861B1189E402900F64673 /* MongoID.m */; };
		92121A761A16E8CF0071ABEF /* blank.json in Resources */ = {isa = PBXBuildFile; fileRef = 92121A751A16E8CF0071ABEF /* blank.json */; };
		9218F7381876978A00742F99 /* LinkBezier.m in Sources */ = {isa = PBXBuildFile; fileRef = 9218F7371876978A00742F99 /* LinkBezier.m */; };
		9218F73D1876AB7C00742F99 /* LinkBezier.fsh in Resources */ = {isa = PBXBuildFile; fileRef = 9218F7391876981900742F99 /* LinkBezier.fsh */; };
		9218F73E1876AB7C00742F99 /* LinkBezier.vsh in Resources */ = {isa = PBXBuildFile; fileRef = 9218F73B1876982100742F99 /* LinkBezier.vsh */; };
		92191A0D1A29DECB009594B1 /* ProblemSet.m in Sources */ = {isa = PBXBuildFile; fileRef = 92191A0C1A29DECB009594B1 /* ProblemSet.m */; };
		92191A101A29E26C009594B1 /* ProblemSetProblemInfo.m in Sources */ = {isa = PBXBuildFile; fileRef = 92191A0F1A29E26C009594B1 /* ProblemSetProblemInfo.m */; };
		921C7A541A6D096B00CBEECE /* TouchHighlight.m in Sources */ = {isa = PBXBuildFile; fileRef = 921C7A531A6D096B00CBEECE /* TouchHighlight.m */; };
		921C7A561A6D0ABD00CBEECE /* TouchHighlight.fsh in Resources */ = {isa = PBXBuildFile; fileRef = 921C7A551A6D0ABD00CBEECE /* TouchHighlight.fsh */; };
		921C7A581A6D0ACC00CBEECE /* TouchHighlight.vsh in Resources */ = {isa = PBXBuildFile; fileRef = 921C7A571A6D0ACC00CBEECE /* TouchHighlight.vsh */; };
		923056A118759577005AE348 /* Configurations.plist in Resources */ = {isa = PBXBuildFile; fileRef = 923056A018759577005AE348 /* Configurations.plist */; };
		9232AD791A1CB8010030ADB2 /* TutorialPage1ViewController.m in Sources */ = {isa = PBXBuildFile; fileRef = 9232AD781A1CB8010030ADB2 /* TutorialPage1ViewController.m */; };
		9232AD7B1A1CB9EC0030ADB2 /* ipad-white-vertical-level-1.png in Resources */ = {isa = PBXBuildFile; fileRef = 9232AD7A1A1CB9EC0030ADB2 /* ipad-white-vertical-level-1.png */; };
		9232AD7E1A1CBBF40030ADB2 /* TutorialPage2ViewController.m in Sources */ = {isa = PBXBuildFile; fileRef = 9232AD7D1A1CBBF40030ADB2 /* TutorialPage2ViewController.m */; };
		9232AD811A1CBC090030ADB2 /* TutorialPage3ViewController.m in Sources */ = {isa = PBXBuildFile; fileRef = 9232AD801A1CBC090030ADB2 /* TutorialPage3ViewController.m */; };
		9232AD841A1CBD6D0030ADB2 /* BoringInfoViewController.m in Sources */ = {isa = PBXBuildFile; fileRef = 9232AD831A1CBD6D0030ADB2 /* BoringInfoViewController.m */; };
		9232AD861A1CBE120030ADB2 /* Terms.rtf in Resources */ = {isa = PBXBuildFile; fileRef = 9232AD851A1CBE120030ADB2 /* Terms.rtf */; };
		9232B65118780CFE00E45C7E /* BatchedSprite.m in Sources */ = {isa = PBXBuildFile; fileRef = 9232B65018780CFE00E45C7E /* BatchedSprite.m */; };
		9232B6761878436E00E45C7E /* BatchedSprite.vsh in Resources */ = {isa = PBXBuildFile; fileRef = 9232B6521878140500E45C7E /* BatchedSprite.vsh */; };
		9232B6771878436E00E45C7E /* BatchedSprite.fsh in Resources */ = {isa = PBXBuildFile; fileRef = 9232B6541878353A00E45C7E /* BatchedSprite.fsh */; };
		923A0631189D2D660064834C /* CircuitDocument.m in Sources */ = {isa = PBXBuildFile; fileRef = 923A0630189D2D660064834C /* CircuitDocument.m */; };
		923C143818826D960017BAF3 /* HUD.m in Sources */ = {isa = PBXBuildFile; fileRef = 923C143718826D960017BAF3 /* HUD.m */; };
		924BAA711A6B7D0D0027AAC9 /* TestResultViewController.m in Sources */ = {isa = PBXBuildFile; fileRef = 924BAA701A6B7D0D0027AAC9 /* TestResultViewController.m */; };
		924BAA741A6B89FD0027AAC9 /* TestResultItemCell.m in Sources */ = {isa = PBXBuildFile; fileRef = 924BAA731A6B89FD0027AAC9 /* TestResultItemCell.m */; };
		9253C409188545EC00D2509C /* CreateGatePanGestureRecognizer.m in Sources */ = {isa = PBXBuildFile; fileRef = 9253C408188545EC00D2509C /* CreateGatePanGestureRecognizer.m */; };
		9253C40C18854D0B00D2509C /* CreateLinkGestureRecognizer.m in Sources */ = {isa = PBXBuildFile; fileRef = 9253C40B18854D0B00D2509C /* CreateLinkGestureRecognizer.m */; };
		92575A3719D2D510000D5AC7 /* MainViewController.m in Sources */ = {isa = PBXBuildFile; fileRef = 92575A3619D2D510000D5AC7 /* MainViewController.m */; };
		92575A3E19D2EC57000D5AC7 /* ProblemInfoViewController.m in Sources */ = {isa = PBXBuildFile; fileRef = 92575A3D19D2EC57000D5AC7 /* ProblemInfoViewController.m */; };
		926099E0196917CF0048F2BD /* CircuitDocumentViewController.m in Sources */ = {isa = PBXBuildFile; fileRef = 926099DF196917CF0048F2BD /* CircuitDocumentViewController.m */; };
		926099E6196919E50048F2BD /* CircuitObjectListTableViewController.m in Sources */ = {isa = PBXBuildFile; fileRef = 926099E5196919E50048F2BD /* CircuitObjectListTableViewController.m */; };
		92771CF61A44FBF3000931D9 /* Analytics.m in Sources */ = {isa = PBXBuildFile; fileRef = 92771CF51A44FBF3000931D9 /* Analytics.m */; };
		92771CF91A44FD2A000931D9 /* StyleManager.m in Sources */ = {isa = PBXBuildFile; fileRef = 92771CF81A44FD2A000931D9 /* StyleManager.m */; };
		92771CFD1A450891000931D9 /* CircuitManager.m in Sources */ = {isa = PBXBuildFile; fileRef = 92771CFC1A450891000931D9 /* CircuitManager.m */; };
		92771D431A455301000931D9 /* CircuitInternal.c in Sources */ = {isa = PBXBuildFile; fileRef = 92771D411A455301000931D9 /* CircuitInternal.c */; };
		92771D461A456939000931D9 /* MongoIDType.c in Sources */ = {isa = PBXBuildFile; fileRef = 92771D441A456939000931D9 /* MongoIDType.c */; };
		9277EEF71A69278D00E65E23 /* AnalyticsManager.m in Sources */ = {isa = PBXBuildFile; fileRef = 9277EEF61A69278D00E65E23 /* AnalyticsManager.m */; };
		92796A3418A668FB00DB690F /* LongPressObjectGesture.m in Sources */ = {isa = PBXBuildFile; fileRef = 92796A3318A668FB00DB690F /* LongPressObjectGesture.m */; };
		927FC3991A1A12BA00138BCA /* tutorial-bg-2@2x.jpg in Resources */ = {isa = PBXBuildFile; fileRef = 927FC3981A1A12BA00138BCA /* tutorial-bg-2@2x.jpg */; };
		9288062418725AB20096A1CA /* Sprite.vsh in Resources */ = {isa = PBXBuildFile; fileRef = 92880620187243800096A1CA /* Sprite.vsh */; };
		9288062518725AB20096A1CA /* Sprite.fsh in Resources */ = {isa = PBXBuildFile; fileRef = 928806221872438E0096A1CA /* Sprite.fsh */; };
		9288BBB6196AD6230090455A /* ToolbeltItemTableViewCell.m in Sources */ = {isa = PBXBuildFile; fileRef = 9288BBB5196AD6230090455A /* ToolbeltItemTableViewCell.m */; };
		9288BBB9196AD6470090455A /* ToolbeltItem.m in Sources */ = {isa = PBXBuildFile; fileRef = 9288BBB8196AD6470090455A /* ToolbeltItem.m */; };
		928FDF761A46644A0042319C /* SevenSegmentDisplay.fsh in Resources */ = {isa = PBXBuildFile; fileRef = 9200469E189D037F007124DA /* SevenSegmentDisplay.fsh */; };
		929CB69518A7833C00BEE7D6 /* TransitionFromDocumentListToDocument.m in Sources */ = {isa = PBXBuildFile; fileRef = 929CB69418A7833C00BEE7D6 /* TransitionFromDocumentListToDocument.m */; };
		92A0F7D41A7D069B00B984EC /* bg-blur@2x.jpg in Resources */ = {isa = PBXBuildFile; fileRef = 92A0F7D31A7D069B00B984EC /* bg-blur@2x.jpg */; };
		92A28A5E187433E800F0D934 /* Circuit.m in Sources */ = {isa = PBXBuildFile; fileRef = 92A28A5D187433E800F0D934 /* Circuit.m */; };
		92A4F86D187289F300EEB367 /* Viewport.m in Sources */ = {isa = PBXBuildFile; fileRef = 92A4F86C187289F300EEB367 /* Viewport.m */; };
		92A4F87018728A1F00EEB367 /* Drawable.m in Sources */ = {isa = PBXBuildFile; fileRef = 92A4F86F18728A1F00EEB367 /* Drawable.m */; };
		92A4F871187295EF00EEB367 /* Grid.vsh in Resources */ = {isa = PBXBuildFile; fileRef = 92D90E3C1838E9CD00387FAC /* Grid.vsh */; };
		92A4F872187295EF00EEB367 /* Grid.fsh in Resources */ = {isa = PBXBuildFile; fileRef = 92D90E3E1838E9D700387FAC /* Grid.fsh */; };
		92A861B2189E402900F64673 /* MongoID.m in Sources */ = {isa = PBXBuildFile; fileRef = 92A861B1189E402900F64673 /* MongoID.m */; };
		92AA6323189E73A000A135F3 /* MongoIDTest.m in Sources */ = {isa = PBXBuildFile; fileRef = 92AA6322189E73A000A135F3 /* MongoIDTest.m */; };
		92AFE8FE197B728A003680B0 /* CircuitTest.m in Sources */ = {isa = PBXBuildFile; fileRef = 92AFE8FD197B728A003680B0 /* CircuitTest.m */; };
		92AFE901197B90AC003680B0 /* CircuitTestResult.m in Sources */ = {isa = PBXBuildFile; fileRef = 92AFE900197B90AC003680B0 /* CircuitTestResult.m */; };
		92B269AF1886B175007E9866 /* ImageAtlas.m in Sources */ = {isa = PBXBuildFile; fileRef = 92B269AE1886B175007E9866 /* ImageAtlas.m */; };
		92C62F4C197BFCD600A3E939 /* Problems in Resources */ = {isa = PBXBuildFile; fileRef = 92C62F4B197BFCD500A3E939 /* Problems */; };
		92D90E321837807000387FAC /* Sprite.m in Sources */ = {isa = PBXBuildFile; fileRef = 92D90E311837807000387FAC /* Sprite.m */; };
		92D90E381837836500387FAC /* ShaderEffect.m in Sources */ = {isa = PBXBuildFile; fileRef = 92D90E371837836500387FAC /* ShaderEffect.m */; };
		92D90E3B1838D7AB00387FAC /* Grid.m in Sources */ = {isa = PBXBuildFile; fileRef = 92D90E3A1838D7AB00387FAC /* Grid.m */; };
		92DD078A18AFC10D00FB684A /* SystemConfiguration.framework in Frameworks */ = {isa = PBXBuildFile; fileRef = 92DD078918AFC10D00FB684A /* SystemConfiguration.framework */; };
		92DD078C18AFC11A00FB684A /* AdSupport.framework in Frameworks */ = {isa = PBXBuildFile; fileRef = 92DD078B18AFC11A00FB684A /* AdSupport.framework */; };
		92DD078E18AFC12300FB684A /* CoreData.framework in Frameworks */ = {isa = PBXBuildFile; fileRef = 92DD078D18AFC12300FB684A /* CoreData.framework */; };
		92DD079018AFC12D00FB684A /* libz.dylib in Frameworks */ = {isa = PBXBuildFile; fileRef = 92DD078F18AFC12D00FB684A /* libz.dylib */; };
		92E037BF188425E80047F736 /* DragGateGestureRecognizer.m in Sources */ = {isa = PBXBuildFile; fileRef = 92E037BE188425E80047F736 /* DragGateGestureRecognizer.m */; };
		92EF38A71A73C73F008401B1 /* HoldDownGestureRecognizer.m in Sources */ = {isa = PBXBuildFile; fileRef = 92EF38A61A73C73F008401B1 /* HoldDownGestureRecognizer.m */; };
		92FA32BE19B2C0140046A7FE /* tutorial-bg-1@2x.jpg in Resources */ = {isa = PBXBuildFile; fileRef = 92FA32BD19B2C0140046A7FE /* tutorial-bg-1@2x.jpg */; };
		92FA32C219B2C21B0046A7FE /* tutorial-logo@2x.png in Resources */ = {isa = PBXBuildFile; fileRef = 92FA32C119B2C21B0046A7FE /* tutorial-logo@2x.png */; };
		92FA32C719B2E1B70046A7FE /* tutorial-bg-3@2x.jpg in Resources */ = {isa = PBXBuildFile; fileRef = 92FA32C619B2E1B70046A7FE /* tutorial-bg-3@2x.jpg */; };
		92FC7F9118A50C1000EA329A /* CircuitListViewController.m in Sources */ = {isa = PBXBuildFile; fileRef = 92FC7F9018A50C1000EA329A /* CircuitListViewController.m */; };
		92FC7F9418A50E7300EA329A /* CircuitListImageView.m in Sources */ = {isa = PBXBuildFile; fileRef = 92FC7F9318A50E7300EA329A /* CircuitListImageView.m */; };
		92FC7F9918A5B39E00EA329A /* CircuitCollectionViewCell.m in Sources */ = {isa = PBXBuildFile; fileRef = 92FC7F9818A5B39E00EA329A /* CircuitCollectionViewCell.m */; };
		92FC7FA618A601BD00EA329A /* UIAlertView+MKBlockAdditions.m in Sources */ = {isa = PBXBuildFile; fileRef = 92FC7FA518A601BD00EA329A /* UIAlertView+MKBlockAdditions.m */; };
		CBCFD569C58147F5B4C87DD5 /* libPods.a in Frameworks */ = {isa = PBXBuildFile; fileRef = EB58C125A61B4A21B04D8C5D /* libPods.a */; };
/* End PBXBuildFile section */

/* Begin PBXBuildRule section */
		92BE2A3D187C0EDE001DCC59 /* PBXBuildRule */ = {
			isa = PBXBuildRule;
			compilerSpec = com.apple.compilers.proxy.script;
			filePatterns = "*.image-atlas";
			fileType = pattern.proxy;
			isEditable = 1;
			outputFiles = (
				"$(DERIVED_FILE_DIR)/$(INPUT_FILE_BASE)-atlas.png",
				"$(DERIVED_FILE_DIR)/$(INPUT_FILE_BASE)-atlas.json",
			);
			script = "cd \"$SRCROOT/tools\"\necho $PWD\nexport PATH=\"/usr/local/bin:$PATH\"\nnpm install --production\nnode ./spritesheet.js \"$INPUT_FILE_PATH\" \"temp.png\" > \"$DERIVED_FILE_DIR/$INPUT_FILE_BASE-atlas.json\"\necho Compressing png...\n$DEVELOPER_TOOLS_DIR/../usr/bin/xcrun -sdk iphoneos pngcrush -iphone temp.png \"$DERIVED_FILE_DIR/$INPUT_FILE_BASE-atlas.png\"\n# $DEVELOPER_TOOLS_DIR/../usr/bin/xcrun -sdk iphoneos pngcrush -revert-iphone-optimizations \"$DERIVED_FILE_DIR/$INPUT_FILE_BASE-atlas.png\" \"$DERIVED_FILE_DIR/$INPUT_FILE_BASE-atlas.png\"\necho delete temp files\ncp temp.png ~/temp.png\nrm temp.png\n";
		};
/* End PBXBuildRule section */

/* Begin PBXContainerItemProxy section */
		9204C39E182E2F5C006A008D /* PBXContainerItemProxy */ = {
			isa = PBXContainerItemProxy;
			containerPortal = 9204C368182E2F5C006A008D /* Project object */;
			proxyType = 1;
			remoteGlobalIDString = 9204C36F182E2F5C006A008D;
			remoteInfo = Circuitry;
		};
/* End PBXContainerItemProxy section */

/* Begin PBXFileReference section */
		0C96CDB30484270BE2DD7A4E /* Pods.release.xcconfig */ = {isa = PBXFileReference; includeInIndex = 1; lastKnownFileType = text.xcconfig; name = Pods.release.xcconfig; path = "Pods/Target Support Files/Pods/Pods.release.xcconfig"; sourceTree = "<group>"; };
		48DDD9C2212C806BCBFAF5A6 /* Pods.debug.xcconfig */ = {isa = PBXFileReference; includeInIndex = 1; lastKnownFileType = text.xcconfig; name = Pods.debug.xcconfig; path = "Pods/Target Support Files/Pods/Pods.debug.xcconfig"; sourceTree = "<group>"; };
		9200469A189D0178007124DA /* SevenSegmentDisplay.h */ = {isa = PBXFileReference; fileEncoding = 4; lastKnownFileType = sourcecode.c.h; path = SevenSegmentDisplay.h; sourceTree = "<group>"; };
		9200469B189D0178007124DA /* SevenSegmentDisplay.m */ = {isa = PBXFileReference; fileEncoding = 4; lastKnownFileType = sourcecode.c.objc; path = SevenSegmentDisplay.m; sourceTree = "<group>"; };
		9200469E189D037F007124DA /* SevenSegmentDisplay.fsh */ = {isa = PBXFileReference; fileEncoding = 4; lastKnownFileType = sourcecode.glsl; path = SevenSegmentDisplay.fsh; sourceTree = "<group>"; };
		920046A0189D0390007124DA /* SevenSegmentDisplay.vsh */ = {isa = PBXFileReference; fileEncoding = 4; lastKnownFileType = sourcecode.glsl; path = SevenSegmentDisplay.vsh; sourceTree = "<group>"; };
		92020C08189A54ED00B6D8F5 /* background.jpg */ = {isa = PBXFileReference; lastKnownFileType = image.jpeg; path = background.jpg; sourceTree = SOURCE_ROOT; };
		9204C370182E2F5C006A008D /* Circuitry.dev.app */ = {isa = PBXFileReference; explicitFileType = wrapper.application; includeInIndex = 0; path = Circuitry.dev.app; sourceTree = BUILT_PRODUCTS_DIR; };
		9204C373182E2F5C006A008D /* Foundation.framework */ = {isa = PBXFileReference; lastKnownFileType = wrapper.framework; name = Foundation.framework; path = System/Library/Frameworks/Foundation.framework; sourceTree = SDKROOT; };
		9204C375182E2F5C006A008D /* CoreGraphics.framework */ = {isa = PBXFileReference; lastKnownFileType = wrapper.framework; name = CoreGraphics.framework; path = System/Library/Frameworks/CoreGraphics.framework; sourceTree = SDKROOT; };
		9204C377182E2F5C006A008D /* UIKit.framework */ = {isa = PBXFileReference; lastKnownFileType = wrapper.framework; name = UIKit.framework; path = System/Library/Frameworks/UIKit.framework; sourceTree = SDKROOT; };
		9204C379182E2F5C006A008D /* GLKit.framework */ = {isa = PBXFileReference; lastKnownFileType = wrapper.framework; name = GLKit.framework; path = System/Library/Frameworks/GLKit.framework; sourceTree = SDKROOT; };
		9204C37B182E2F5C006A008D /* OpenGLES.framework */ = {isa = PBXFileReference; lastKnownFileType = wrapper.framework; name = OpenGLES.framework; path = System/Library/Frameworks/OpenGLES.framework; sourceTree = SDKROOT; };
		9204C37F182E2F5C006A008D /* Circuitry-Info.plist */ = {isa = PBXFileReference; lastKnownFileType = text.plist.xml; path = "Circuitry-Info.plist"; sourceTree = "<group>"; };
		9204C381182E2F5C006A008D /* en */ = {isa = PBXFileReference; lastKnownFileType = text.plist.strings; name = en; path = en.lproj/InfoPlist.strings; sourceTree = "<group>"; };
		9204C383182E2F5C006A008D /* main.m */ = {isa = PBXFileReference; lastKnownFileType = sourcecode.c.objc; path = main.m; sourceTree = "<group>"; };
		9204C385182E2F5C006A008D /* Circuitry-Prefix.pch */ = {isa = PBXFileReference; lastKnownFileType = sourcecode.c.h; path = "Circuitry-Prefix.pch"; sourceTree = "<group>"; };
		9204C386182E2F5C006A008D /* AppDelegate.h */ = {isa = PBXFileReference; lastKnownFileType = sourcecode.c.h; path = AppDelegate.h; sourceTree = "<group>"; };
		9204C387182E2F5C006A008D /* AppDelegate.m */ = {isa = PBXFileReference; lastKnownFileType = sourcecode.c.objc; path = AppDelegate.m; sourceTree = "<group>"; };
		9204C38A182E2F5C006A008D /* Base */ = {isa = PBXFileReference; lastKnownFileType = file.storyboard; name = Base; path = Base.lproj/Main.storyboard; sourceTree = "<group>"; };
		9204C38C182E2F5C006A008D /* Shader.fsh */ = {isa = PBXFileReference; explicitFileType = sourcecode.glsl; name = Shader.fsh; path = Shaders/Shader.fsh; sourceTree = "<group>"; };
		9204C38E182E2F5C006A008D /* Shader.vsh */ = {isa = PBXFileReference; explicitFileType = sourcecode.glsl; name = Shader.vsh; path = Shaders/Shader.vsh; sourceTree = "<group>"; };
		9204C390182E2F5C006A008D /* ViewController.h */ = {isa = PBXFileReference; lastKnownFileType = sourcecode.c.h; name = ViewController.h; path = Circuitry/ViewController.h; sourceTree = "<group>"; };
		9204C391182E2F5C006A008D /* ViewController.m */ = {isa = PBXFileReference; lastKnownFileType = sourcecode.c.objc; name = ViewController.m; path = Circuitry/ViewController.m; sourceTree = "<group>"; };
		9204C393182E2F5C006A008D /* Images.xcassets */ = {isa = PBXFileReference; lastKnownFileType = folder.assetcatalog; path = Images.xcassets; sourceTree = "<group>"; };
		9204C399182E2F5C006A008D /* CircuitryTests.xctest */ = {isa = PBXFileReference; explicitFileType = wrapper.cfbundle; includeInIndex = 0; path = CircuitryTests.xctest; sourceTree = BUILT_PRODUCTS_DIR; };
		9204C39A182E2F5C006A008D /* XCTest.framework */ = {isa = PBXFileReference; lastKnownFileType = wrapper.framework; name = XCTest.framework; path = Library/Frameworks/XCTest.framework; sourceTree = DEVELOPER_DIR; };
		9204C3A2182E2F5C006A008D /* CircuitryTests-Info.plist */ = {isa = PBXFileReference; lastKnownFileType = text.plist.xml; path = "CircuitryTests-Info.plist"; sourceTree = "<group>"; };
		9204C3A4182E2F5C006A008D /* en */ = {isa = PBXFileReference; lastKnownFileType = text.plist.strings; name = en; path = en.lproj/InfoPlist.strings; sourceTree = "<group>"; };
		92061DE619BDF0720081E3B9 /* TutorialViewController.h */ = {isa = PBXFileReference; fileEncoding = 4; lastKnownFileType = sourcecode.c.h; name = TutorialViewController.h; path = Circuitry/TutorialViewController.h; sourceTree = "<group>"; };
		92061DE719BDF0720081E3B9 /* TutorialViewController.m */ = {isa = PBXFileReference; fileEncoding = 4; lastKnownFileType = sourcecode.c.objc; name = TutorialViewController.m; path = Circuitry/TutorialViewController.m; sourceTree = "<group>"; };
		9208B106187565390038A52A /* Circuitry.entitlements */ = {isa = PBXFileReference; lastKnownFileType = text.xml; path = Circuitry.entitlements; sourceTree = "<group>"; };
		92121A751A16E8CF0071ABEF /* blank.json */ = {isa = PBXFileReference; fileEncoding = 4; lastKnownFileType = text.json; path = blank.json; sourceTree = "<group>"; };
		9218F7361876978A00742F99 /* LinkBezier.h */ = {isa = PBXFileReference; fileEncoding = 4; lastKnownFileType = sourcecode.c.h; path = LinkBezier.h; sourceTree = "<group>"; };
		9218F7371876978A00742F99 /* LinkBezier.m */ = {isa = PBXFileReference; fileEncoding = 4; lastKnownFileType = sourcecode.c.objc; path = LinkBezier.m; sourceTree = "<group>"; };
		9218F7391876981900742F99 /* LinkBezier.fsh */ = {isa = PBXFileReference; fileEncoding = 4; lastKnownFileType = sourcecode.glsl; path = LinkBezier.fsh; sourceTree = "<group>"; };
		9218F73B1876982100742F99 /* LinkBezier.vsh */ = {isa = PBXFileReference; fileEncoding = 4; lastKnownFileType = sourcecode.glsl; path = LinkBezier.vsh; sourceTree = "<group>"; };
		92191A0B1A29DECB009594B1 /* ProblemSet.h */ = {isa = PBXFileReference; fileEncoding = 4; lastKnownFileType = sourcecode.c.h; path = ProblemSet.h; sourceTree = "<group>"; };
		92191A0C1A29DECB009594B1 /* ProblemSet.m */ = {isa = PBXFileReference; fileEncoding = 4; lastKnownFileType = sourcecode.c.objc; path = ProblemSet.m; sourceTree = "<group>"; };
		92191A0E1A29E26C009594B1 /* ProblemSetProblemInfo.h */ = {isa = PBXFileReference; fileEncoding = 4; lastKnownFileType = sourcecode.c.h; path = ProblemSetProblemInfo.h; sourceTree = "<group>"; };
		92191A0F1A29E26C009594B1 /* ProblemSetProblemInfo.m */ = {isa = PBXFileReference; fileEncoding = 4; lastKnownFileType = sourcecode.c.objc; path = ProblemSetProblemInfo.m; sourceTree = "<group>"; };
		921C7A521A6D096B00CBEECE /* TouchHighlight.h */ = {isa = PBXFileReference; fileEncoding = 4; lastKnownFileType = sourcecode.c.h; path = TouchHighlight.h; sourceTree = "<group>"; };
		921C7A531A6D096B00CBEECE /* TouchHighlight.m */ = {isa = PBXFileReference; fileEncoding = 4; lastKnownFileType = sourcecode.c.objc; path = TouchHighlight.m; sourceTree = "<group>"; };
		921C7A551A6D0ABD00CBEECE /* TouchHighlight.fsh */ = {isa = PBXFileReference; fileEncoding = 4; lastKnownFileType = sourcecode.glsl; path = TouchHighlight.fsh; sourceTree = "<group>"; };
		921C7A571A6D0ACC00CBEECE /* TouchHighlight.vsh */ = {isa = PBXFileReference; fileEncoding = 4; lastKnownFileType = sourcecode.glsl; path = TouchHighlight.vsh; sourceTree = "<group>"; };
		923056A018759577005AE348 /* Configurations.plist */ = {isa = PBXFileReference; fileEncoding = 4; lastKnownFileType = text.plist.xml; path = Configurations.plist; sourceTree = "<group>"; };
		9232AD771A1CB8000030ADB2 /* TutorialPage1ViewController.h */ = {isa = PBXFileReference; fileEncoding = 4; lastKnownFileType = sourcecode.c.h; name = TutorialPage1ViewController.h; path = Circuitry/TutorialPage1ViewController.h; sourceTree = "<group>"; };
		9232AD781A1CB8010030ADB2 /* TutorialPage1ViewController.m */ = {isa = PBXFileReference; fileEncoding = 4; lastKnownFileType = sourcecode.c.objc; name = TutorialPage1ViewController.m; path = Circuitry/TutorialPage1ViewController.m; sourceTree = "<group>"; };
		9232AD7A1A1CB9EC0030ADB2 /* ipad-white-vertical-level-1.png */ = {isa = PBXFileReference; lastKnownFileType = image.png; path = "ipad-white-vertical-level-1.png"; sourceTree = "<group>"; };
		9232AD7C1A1CBBF40030ADB2 /* TutorialPage2ViewController.h */ = {isa = PBXFileReference; fileEncoding = 4; lastKnownFileType = sourcecode.c.h; name = TutorialPage2ViewController.h; path = Circuitry/TutorialPage2ViewController.h; sourceTree = "<group>"; };
		9232AD7D1A1CBBF40030ADB2 /* TutorialPage2ViewController.m */ = {isa = PBXFileReference; fileEncoding = 4; lastKnownFileType = sourcecode.c.objc; name = TutorialPage2ViewController.m; path = Circuitry/TutorialPage2ViewController.m; sourceTree = "<group>"; };
		9232AD7F1A1CBC090030ADB2 /* TutorialPage3ViewController.h */ = {isa = PBXFileReference; fileEncoding = 4; lastKnownFileType = sourcecode.c.h; name = TutorialPage3ViewController.h; path = Circuitry/TutorialPage3ViewController.h; sourceTree = "<group>"; };
		9232AD801A1CBC090030ADB2 /* TutorialPage3ViewController.m */ = {isa = PBXFileReference; fileEncoding = 4; lastKnownFileType = sourcecode.c.objc; name = TutorialPage3ViewController.m; path = Circuitry/TutorialPage3ViewController.m; sourceTree = "<group>"; };
		9232AD821A1CBD6D0030ADB2 /* BoringInfoViewController.h */ = {isa = PBXFileReference; fileEncoding = 4; lastKnownFileType = sourcecode.c.h; name = BoringInfoViewController.h; path = Circuitry/BoringInfoViewController.h; sourceTree = "<group>"; };
		9232AD831A1CBD6D0030ADB2 /* BoringInfoViewController.m */ = {isa = PBXFileReference; fileEncoding = 4; lastKnownFileType = sourcecode.c.objc; name = BoringInfoViewController.m; path = Circuitry/BoringInfoViewController.m; sourceTree = "<group>"; };
		9232AD851A1CBE120030ADB2 /* Terms.rtf */ = {isa = PBXFileReference; fileEncoding = 4; lastKnownFileType = text.rtf; name = Terms.rtf; path = Circuitry/Terms.rtf; sourceTree = "<group>"; };
		9232B64F18780CFE00E45C7E /* BatchedSprite.h */ = {isa = PBXFileReference; fileEncoding = 4; lastKnownFileType = sourcecode.c.h; path = BatchedSprite.h; sourceTree = "<group>"; };
		9232B65018780CFE00E45C7E /* BatchedSprite.m */ = {isa = PBXFileReference; fileEncoding = 4; lastKnownFileType = sourcecode.c.objc; path = BatchedSprite.m; sourceTree = "<group>"; };
		9232B6521878140500E45C7E /* BatchedSprite.vsh */ = {isa = PBXFileReference; fileEncoding = 4; lastKnownFileType = sourcecode.glsl; path = BatchedSprite.vsh; sourceTree = "<group>"; };
		9232B6541878353A00E45C7E /* BatchedSprite.fsh */ = {isa = PBXFileReference; fileEncoding = 4; lastKnownFileType = sourcecode.glsl; path = BatchedSprite.fsh; sourceTree = "<group>"; };
		923A062F189D2D660064834C /* CircuitDocument.h */ = {isa = PBXFileReference; fileEncoding = 4; lastKnownFileType = sourcecode.c.h; path = CircuitDocument.h; sourceTree = "<group>"; };
		923A0630189D2D660064834C /* CircuitDocument.m */ = {isa = PBXFileReference; fileEncoding = 4; lastKnownFileType = sourcecode.c.objc; path = CircuitDocument.m; sourceTree = "<group>"; };
		923C143618826D960017BAF3 /* HUD.h */ = {isa = PBXFileReference; fileEncoding = 4; lastKnownFileType = sourcecode.c.h; path = HUD.h; sourceTree = "<group>"; };
		923C143718826D960017BAF3 /* HUD.m */ = {isa = PBXFileReference; fileEncoding = 4; lastKnownFileType = sourcecode.c.objc; path = HUD.m; sourceTree = "<group>"; };
		924BAA6F1A6B7D0D0027AAC9 /* TestResultViewController.h */ = {isa = PBXFileReference; fileEncoding = 4; lastKnownFileType = sourcecode.c.h; name = TestResultViewController.h; path = Circuitry/TestResultViewController.h; sourceTree = "<group>"; };
		924BAA701A6B7D0D0027AAC9 /* TestResultViewController.m */ = {isa = PBXFileReference; fileEncoding = 4; lastKnownFileType = sourcecode.c.objc; name = TestResultViewController.m; path = Circuitry/TestResultViewController.m; sourceTree = "<group>"; };
		924BAA721A6B89FD0027AAC9 /* TestResultItemCell.h */ = {isa = PBXFileReference; fileEncoding = 4; lastKnownFileType = sourcecode.c.h; name = TestResultItemCell.h; path = Circuitry/TestResultItemCell.h; sourceTree = "<group>"; };
		924BAA731A6B89FD0027AAC9 /* TestResultItemCell.m */ = {isa = PBXFileReference; fileEncoding = 4; lastKnownFileType = sourcecode.c.objc; name = TestResultItemCell.m; path = Circuitry/TestResultItemCell.m; sourceTree = "<group>"; };
		9253C407188545EC00D2509C /* CreateGatePanGestureRecognizer.h */ = {isa = PBXFileReference; fileEncoding = 4; lastKnownFileType = sourcecode.c.h; path = CreateGatePanGestureRecognizer.h; sourceTree = "<group>"; };
		9253C408188545EC00D2509C /* CreateGatePanGestureRecognizer.m */ = {isa = PBXFileReference; fileEncoding = 4; lastKnownFileType = sourcecode.c.objc; path = CreateGatePanGestureRecognizer.m; sourceTree = "<group>"; };
		9253C40A18854D0B00D2509C /* CreateLinkGestureRecognizer.h */ = {isa = PBXFileReference; fileEncoding = 4; lastKnownFileType = sourcecode.c.h; path = CreateLinkGestureRecognizer.h; sourceTree = "<group>"; };
		9253C40B18854D0B00D2509C /* CreateLinkGestureRecognizer.m */ = {isa = PBXFileReference; fileEncoding = 4; lastKnownFileType = sourcecode.c.objc; path = CreateLinkGestureRecognizer.m; sourceTree = "<group>"; };
		92575A3519D2D510000D5AC7 /* MainViewController.h */ = {isa = PBXFileReference; fileEncoding = 4; lastKnownFileType = sourcecode.c.h; path = MainViewController.h; sourceTree = "<group>"; };
		92575A3619D2D510000D5AC7 /* MainViewController.m */ = {isa = PBXFileReference; fileEncoding = 4; lastKnownFileType = sourcecode.c.objc; path = MainViewController.m; sourceTree = "<group>"; };
		92575A3C19D2EC57000D5AC7 /* ProblemInfoViewController.h */ = {isa = PBXFileReference; fileEncoding = 4; lastKnownFileType = sourcecode.c.h; name = ProblemInfoViewController.h; path = Circuitry/ProblemInfoViewController.h; sourceTree = "<group>"; };
		92575A3D19D2EC57000D5AC7 /* ProblemInfoViewController.m */ = {isa = PBXFileReference; fileEncoding = 4; lastKnownFileType = sourcecode.c.objc; name = ProblemInfoViewController.m; path = Circuitry/ProblemInfoViewController.m; sourceTree = "<group>"; };
		926099DE196917CF0048F2BD /* CircuitDocumentViewController.h */ = {isa = PBXFileReference; fileEncoding = 4; lastKnownFileType = sourcecode.c.h; name = CircuitDocumentViewController.h; path = Circuitry/CircuitDocumentViewController.h; sourceTree = "<group>"; };
		926099DF196917CF0048F2BD /* CircuitDocumentViewController.m */ = {isa = PBXFileReference; fileEncoding = 4; lastKnownFileType = sourcecode.c.objc; name = CircuitDocumentViewController.m; path = Circuitry/CircuitDocumentViewController.m; sourceTree = "<group>"; };
		926099E4196919E50048F2BD /* CircuitObjectListTableViewController.h */ = {isa = PBXFileReference; fileEncoding = 4; lastKnownFileType = sourcecode.c.h; name = CircuitObjectListTableViewController.h; path = Circuitry/CircuitObjectListTableViewController.h; sourceTree = "<group>"; };
		926099E5196919E50048F2BD /* CircuitObjectListTableViewController.m */ = {isa = PBXFileReference; fileEncoding = 4; lastKnownFileType = sourcecode.c.objc; name = CircuitObjectListTableViewController.m; path = Circuitry/CircuitObjectListTableViewController.m; sourceTree = "<group>"; };
		92771CF41A44FBF3000931D9 /* Analytics.h */ = {isa = PBXFileReference; fileEncoding = 4; lastKnownFileType = sourcecode.c.h; path = Analytics.h; sourceTree = "<group>"; };
		92771CF51A44FBF3000931D9 /* Analytics.m */ = {isa = PBXFileReference; fileEncoding = 4; lastKnownFileType = sourcecode.c.objc; path = Analytics.m; sourceTree = "<group>"; };
		92771CF71A44FD2A000931D9 /* StyleManager.h */ = {isa = PBXFileReference; fileEncoding = 4; lastKnownFileType = sourcecode.c.h; path = StyleManager.h; sourceTree = "<group>"; };
		92771CF81A44FD2A000931D9 /* StyleManager.m */ = {isa = PBXFileReference; fileEncoding = 4; lastKnownFileType = sourcecode.c.objc; path = StyleManager.m; sourceTree = "<group>"; };
		92771CFB1A450891000931D9 /* CircuitManager.h */ = {isa = PBXFileReference; fileEncoding = 4; lastKnownFileType = sourcecode.c.h; path = CircuitManager.h; sourceTree = "<group>"; };
		92771CFC1A450891000931D9 /* CircuitManager.m */ = {isa = PBXFileReference; fileEncoding = 4; lastKnownFileType = sourcecode.c.objc; path = CircuitManager.m; sourceTree = "<group>"; };
		92771D411A455301000931D9 /* CircuitInternal.c */ = {isa = PBXFileReference; fileEncoding = 4; lastKnownFileType = sourcecode.c.c; path = CircuitInternal.c; sourceTree = "<group>"; };
		92771D421A455301000931D9 /* CircuitInternal.h */ = {isa = PBXFileReference; fileEncoding = 4; lastKnownFileType = sourcecode.c.h; path = CircuitInternal.h; sourceTree = "<group>"; };
		92771D441A456939000931D9 /* MongoIDType.c */ = {isa = PBXFileReference; fileEncoding = 4; lastKnownFileType = sourcecode.c.c; path = MongoIDType.c; sourceTree = "<group>"; };
		92771D451A456939000931D9 /* MongoIDType.h */ = {isa = PBXFileReference; fileEncoding = 4; lastKnownFileType = sourcecode.c.h; path = MongoIDType.h; sourceTree = "<group>"; };
		9277EEF51A69278D00E65E23 /* AnalyticsManager.h */ = {isa = PBXFileReference; fileEncoding = 4; lastKnownFileType = sourcecode.c.h; path = AnalyticsManager.h; sourceTree = "<group>"; };
		9277EEF61A69278D00E65E23 /* AnalyticsManager.m */ = {isa = PBXFileReference; fileEncoding = 4; lastKnownFileType = sourcecode.c.objc; path = AnalyticsManager.m; sourceTree = "<group>"; };
		92796A3218A668FB00DB690F /* LongPressObjectGesture.h */ = {isa = PBXFileReference; fileEncoding = 4; lastKnownFileType = sourcecode.c.h; name = LongPressObjectGesture.h; path = Circuitry/LongPressObjectGesture.h; sourceTree = "<group>"; };
		92796A3318A668FB00DB690F /* LongPressObjectGesture.m */ = {isa = PBXFileReference; fileEncoding = 4; lastKnownFileType = sourcecode.c.objc; name = LongPressObjectGesture.m; path = Circuitry/LongPressObjectGesture.m; sourceTree = "<group>"; };
		927C76CA1A5BEF0B004F84ED /* Circuitry.entitlements */ = {isa = PBXFileReference; lastKnownFileType = text.xml; path = Circuitry.entitlements; sourceTree = "<group>"; };
		927FC3981A1A12BA00138BCA /* tutorial-bg-2@2x.jpg */ = {isa = PBXFileReference; lastKnownFileType = image.jpeg; path = "tutorial-bg-2@2x.jpg"; sourceTree = "<group>"; };
		9281540E1A5BED1E00C0CDF7 /* Pods.distribution.xcconfig */ = {isa = PBXFileReference; fileEncoding = 4; lastKnownFileType = text.xcconfig; name = Pods.distribution.xcconfig; path = "Pods/Target Support Files/Pods/Pods.distribution.xcconfig"; sourceTree = "<group>"; };
		92880620187243800096A1CA /* Sprite.vsh */ = {isa = PBXFileReference; explicitFileType = sourcecode.glsl; fileEncoding = 4; name = Sprite.vsh; path = ../Sprite.vsh; sourceTree = "<group>"; };
		928806221872438E0096A1CA /* Sprite.fsh */ = {isa = PBXFileReference; explicitFileType = sourcecode.glsl; fileEncoding = 4; name = Sprite.fsh; path = ../Sprite.fsh; sourceTree = "<group>"; };
		9288BBB4196AD6230090455A /* ToolbeltItemTableViewCell.h */ = {isa = PBXFileReference; fileEncoding = 4; lastKnownFileType = sourcecode.c.h; name = ToolbeltItemTableViewCell.h; path = Circuitry/ToolbeltItemTableViewCell.h; sourceTree = "<group>"; };
		9288BBB5196AD6230090455A /* ToolbeltItemTableViewCell.m */ = {isa = PBXFileReference; fileEncoding = 4; lastKnownFileType = sourcecode.c.objc; name = ToolbeltItemTableViewCell.m; path = Circuitry/ToolbeltItemTableViewCell.m; sourceTree = "<group>"; };
		9288BBB7196AD6470090455A /* ToolbeltItem.h */ = {isa = PBXFileReference; fileEncoding = 4; lastKnownFileType = sourcecode.c.h; path = ToolbeltItem.h; sourceTree = "<group>"; };
		9288BBB8196AD6470090455A /* ToolbeltItem.m */ = {isa = PBXFileReference; fileEncoding = 4; lastKnownFileType = sourcecode.c.objc; path = ToolbeltItem.m; sourceTree = "<group>"; };
		929CB69318A7833C00BEE7D6 /* TransitionFromDocumentListToDocument.h */ = {isa = PBXFileReference; fileEncoding = 4; lastKnownFileType = sourcecode.c.h; path = TransitionFromDocumentListToDocument.h; sourceTree = "<group>"; };
		929CB69418A7833C00BEE7D6 /* TransitionFromDocumentListToDocument.m */ = {isa = PBXFileReference; fileEncoding = 4; lastKnownFileType = sourcecode.c.objc; path = TransitionFromDocumentListToDocument.m; sourceTree = "<group>"; };
		92A0F7D31A7D069B00B984EC /* bg-blur@2x.jpg */ = {isa = PBXFileReference; lastKnownFileType = image.jpeg; path = "bg-blur@2x.jpg"; sourceTree = "<group>"; };
		92A28A5C187433E800F0D934 /* Circuit.h */ = {isa = PBXFileReference; fileEncoding = 4; lastKnownFileType = sourcecode.c.h; path = Circuit.h; sourceTree = "<group>"; };
		92A28A5D187433E800F0D934 /* Circuit.m */ = {isa = PBXFileReference; fileEncoding = 4; lastKnownFileType = sourcecode.c.objc; path = Circuit.m; sourceTree = "<group>"; };
		92A4F86B187289F300EEB367 /* Viewport.h */ = {isa = PBXFileReference; fileEncoding = 4; lastKnownFileType = sourcecode.c.h; path = Viewport.h; sourceTree = "<group>"; };
		92A4F86C187289F300EEB367 /* Viewport.m */ = {isa = PBXFileReference; fileEncoding = 4; lastKnownFileType = sourcecode.c.objc; path = Viewport.m; sourceTree = "<group>"; };
		92A4F86E18728A1F00EEB367 /* Drawable.h */ = {isa = PBXFileReference; fileEncoding = 4; lastKnownFileType = sourcecode.c.h; name = Drawable.h; path = ../Drawable.h; sourceTree = "<group>"; };
		92A4F86F18728A1F00EEB367 /* Drawable.m */ = {isa = PBXFileReference; fileEncoding = 4; lastKnownFileType = sourcecode.c.objc; name = Drawable.m; path = ../Drawable.m; sourceTree = "<group>"; };
		92A861B0189E402900F64673 /* MongoID.h */ = {isa = PBXFileReference; fileEncoding = 4; lastKnownFileType = sourcecode.c.h; path = MongoID.h; sourceTree = "<group>"; };
		92A861B1189E402900F64673 /* MongoID.m */ = {isa = PBXFileReference; fileEncoding = 4; lastKnownFileType = sourcecode.c.objc; path = MongoID.m; sourceTree = "<group>"; };
		92AA6322189E73A000A135F3 /* MongoIDTest.m */ = {isa = PBXFileReference; fileEncoding = 4; lastKnownFileType = sourcecode.c.objc; path = MongoIDTest.m; sourceTree = "<group>"; };
		92AFE8FC197B728A003680B0 /* CircuitTest.h */ = {isa = PBXFileReference; fileEncoding = 4; lastKnownFileType = sourcecode.c.h; path = CircuitTest.h; sourceTree = "<group>"; };
		92AFE8FD197B728A003680B0 /* CircuitTest.m */ = {isa = PBXFileReference; fileEncoding = 4; lastKnownFileType = sourcecode.c.objc; path = CircuitTest.m; sourceTree = "<group>"; };
		92AFE8FF197B90AC003680B0 /* CircuitTestResult.h */ = {isa = PBXFileReference; fileEncoding = 4; lastKnownFileType = sourcecode.c.h; path = CircuitTestResult.h; sourceTree = "<group>"; };
		92AFE900197B90AC003680B0 /* CircuitTestResult.m */ = {isa = PBXFileReference; fileEncoding = 4; lastKnownFileType = sourcecode.c.objc; path = CircuitTestResult.m; sourceTree = "<group>"; };
		92B269AD1886B175007E9866 /* ImageAtlas.h */ = {isa = PBXFileReference; fileEncoding = 4; lastKnownFileType = sourcecode.c.h; path = ImageAtlas.h; sourceTree = "<group>"; };
		92B269AE1886B175007E9866 /* ImageAtlas.m */ = {isa = PBXFileReference; fileEncoding = 4; lastKnownFileType = sourcecode.c.objc; path = ImageAtlas.m; sourceTree = "<group>"; };
		92C62F4B197BFCD500A3E939 /* Problems */ = {isa = PBXFileReference; lastKnownFileType = folder; name = Problems; path = Circuitry/Problems; sourceTree = "<group>"; };
		92D90E301837807000387FAC /* Sprite.h */ = {isa = PBXFileReference; fileEncoding = 4; lastKnownFileType = sourcecode.c.h; path = Sprite.h; sourceTree = "<group>"; };
		92D90E311837807000387FAC /* Sprite.m */ = {isa = PBXFileReference; fileEncoding = 4; lastKnownFileType = sourcecode.c.objc; path = Sprite.m; sourceTree = "<group>"; };
		92D90E361837836500387FAC /* ShaderEffect.h */ = {isa = PBXFileReference; fileEncoding = 4; lastKnownFileType = sourcecode.c.h; name = ShaderEffect.h; path = ../ShaderEffect.h; sourceTree = "<group>"; };
		92D90E371837836500387FAC /* ShaderEffect.m */ = {isa = PBXFileReference; fileEncoding = 4; lastKnownFileType = sourcecode.c.objc; name = ShaderEffect.m; path = ../ShaderEffect.m; sourceTree = "<group>"; };
		92D90E391838D7AB00387FAC /* Grid.h */ = {isa = PBXFileReference; fileEncoding = 4; lastKnownFileType = sourcecode.c.h; name = Grid.h; path = ../Grid.h; sourceTree = "<group>"; };
		92D90E3A1838D7AB00387FAC /* Grid.m */ = {isa = PBXFileReference; fileEncoding = 4; lastKnownFileType = sourcecode.c.objc; name = Grid.m; path = ../Grid.m; sourceTree = "<group>"; };
		92D90E3C1838E9CD00387FAC /* Grid.vsh */ = {isa = PBXFileReference; fileEncoding = 4; lastKnownFileType = sourcecode.glsl; path = Grid.vsh; sourceTree = "<group>"; };
		92D90E3E1838E9D700387FAC /* Grid.fsh */ = {isa = PBXFileReference; fileEncoding = 4; lastKnownFileType = sourcecode.glsl; path = Grid.fsh; sourceTree = "<group>"; };
		92DD078918AFC10D00FB684A /* SystemConfiguration.framework */ = {isa = PBXFileReference; lastKnownFileType = wrapper.framework; name = SystemConfiguration.framework; path = System/Library/Frameworks/SystemConfiguration.framework; sourceTree = SDKROOT; };
		92DD078B18AFC11A00FB684A /* AdSupport.framework */ = {isa = PBXFileReference; lastKnownFileType = wrapper.framework; name = AdSupport.framework; path = System/Library/Frameworks/AdSupport.framework; sourceTree = SDKROOT; };
		92DD078D18AFC12300FB684A /* CoreData.framework */ = {isa = PBXFileReference; lastKnownFileType = wrapper.framework; name = CoreData.framework; path = System/Library/Frameworks/CoreData.framework; sourceTree = SDKROOT; };
		92DD078F18AFC12D00FB684A /* libz.dylib */ = {isa = PBXFileReference; lastKnownFileType = "compiled.mach-o.dylib"; name = libz.dylib; path = usr/lib/libz.dylib; sourceTree = SDKROOT; };
		92DE44AD187C153F00014CB9 /* circuit.image-atlas */ = {isa = PBXFileReference; lastKnownFileType = folder; path = "circuit.image-atlas"; sourceTree = "<group>"; };
		92E037BD188425E80047F736 /* DragGateGestureRecognizer.h */ = {isa = PBXFileReference; fileEncoding = 4; lastKnownFileType = sourcecode.c.h; path = DragGateGestureRecognizer.h; sourceTree = "<group>"; };
		92E037BE188425E80047F736 /* DragGateGestureRecognizer.m */ = {isa = PBXFileReference; fileEncoding = 4; lastKnownFileType = sourcecode.c.objc; path = DragGateGestureRecognizer.m; sourceTree = "<group>"; };
		92EF38A51A73C73F008401B1 /* HoldDownGestureRecognizer.h */ = {isa = PBXFileReference; fileEncoding = 4; lastKnownFileType = sourcecode.c.h; path = HoldDownGestureRecognizer.h; sourceTree = "<group>"; };
		92EF38A61A73C73F008401B1 /* HoldDownGestureRecognizer.m */ = {isa = PBXFileReference; fileEncoding = 4; lastKnownFileType = sourcecode.c.objc; path = HoldDownGestureRecognizer.m; sourceTree = "<group>"; };
		92FA32BD19B2C0140046A7FE /* tutorial-bg-1@2x.jpg */ = {isa = PBXFileReference; lastKnownFileType = image.jpeg; path = "tutorial-bg-1@2x.jpg"; sourceTree = "<group>"; };
		92FA32C119B2C21B0046A7FE /* tutorial-logo@2x.png */ = {isa = PBXFileReference; lastKnownFileType = image.png; path = "tutorial-logo@2x.png"; sourceTree = "<group>"; };
		92FA32C619B2E1B70046A7FE /* tutorial-bg-3@2x.jpg */ = {isa = PBXFileReference; lastKnownFileType = image.jpeg; path = "tutorial-bg-3@2x.jpg"; sourceTree = "<group>"; };
		92FC7F8F18A50C1000EA329A /* CircuitListViewController.h */ = {isa = PBXFileReference; fileEncoding = 4; lastKnownFileType = sourcecode.c.h; name = CircuitListViewController.h; path = Circuitry/CircuitListViewController.h; sourceTree = "<group>"; };
		92FC7F9018A50C1000EA329A /* CircuitListViewController.m */ = {isa = PBXFileReference; fileEncoding = 4; lastKnownFileType = sourcecode.c.objc; name = CircuitListViewController.m; path = Circuitry/CircuitListViewController.m; sourceTree = "<group>"; };
		92FC7F9218A50E7300EA329A /* CircuitListImageView.h */ = {isa = PBXFileReference; fileEncoding = 4; lastKnownFileType = sourcecode.c.h; name = CircuitListImageView.h; path = Circuitry/CircuitListImageView.h; sourceTree = "<group>"; };
		92FC7F9318A50E7300EA329A /* CircuitListImageView.m */ = {isa = PBXFileReference; fileEncoding = 4; lastKnownFileType = sourcecode.c.objc; name = CircuitListImageView.m; path = Circuitry/CircuitListImageView.m; sourceTree = "<group>"; };
		92FC7F9718A5B39E00EA329A /* CircuitCollectionViewCell.h */ = {isa = PBXFileReference; fileEncoding = 4; lastKnownFileType = sourcecode.c.h; name = CircuitCollectionViewCell.h; path = Circuitry/CircuitCollectionViewCell.h; sourceTree = "<group>"; };
		92FC7F9818A5B39E00EA329A /* CircuitCollectionViewCell.m */ = {isa = PBXFileReference; fileEncoding = 4; lastKnownFileType = sourcecode.c.objc; name = CircuitCollectionViewCell.m; path = Circuitry/CircuitCollectionViewCell.m; sourceTree = "<group>"; };
		92FC7FA418A601BD00EA329A /* UIAlertView+MKBlockAdditions.h */ = {isa = PBXFileReference; fileEncoding = 4; lastKnownFileType = sourcecode.c.h; path = "UIAlertView+MKBlockAdditions.h"; sourceTree = "<group>"; };
		92FC7FA518A601BD00EA329A /* UIAlertView+MKBlockAdditions.m */ = {isa = PBXFileReference; fileEncoding = 4; lastKnownFileType = sourcecode.c.objc; path = "UIAlertView+MKBlockAdditions.m"; sourceTree = "<group>"; };
		EB58C125A61B4A21B04D8C5D /* libPods.a */ = {isa = PBXFileReference; explicitFileType = archive.ar; includeInIndex = 0; path = libPods.a; sourceTree = BUILT_PRODUCTS_DIR; };
/* End PBXFileReference section */

/* Begin PBXFrameworksBuildPhase section */
		9204C36D182E2F5C006A008D /* Frameworks */ = {
			isa = PBXFrameworksBuildPhase;
			buildActionMask = 2147483647;
			files = (
				92DD079018AFC12D00FB684A /* libz.dylib in Frameworks */,
				92DD078E18AFC12300FB684A /* CoreData.framework in Frameworks */,
				92DD078C18AFC11A00FB684A /* AdSupport.framework in Frameworks */,
				92DD078A18AFC10D00FB684A /* SystemConfiguration.framework in Frameworks */,
				9204C37C182E2F5C006A008D /* OpenGLES.framework in Frameworks */,
				9204C376182E2F5C006A008D /* CoreGraphics.framework in Frameworks */,
				9204C378182E2F5C006A008D /* UIKit.framework in Frameworks */,
				9204C37A182E2F5C006A008D /* GLKit.framework in Frameworks */,
				9204C374182E2F5C006A008D /* Foundation.framework in Frameworks */,
				CBCFD569C58147F5B4C87DD5 /* libPods.a in Frameworks */,
			);
			runOnlyForDeploymentPostprocessing = 0;
		};
		9204C396182E2F5C006A008D /* Frameworks */ = {
			isa = PBXFrameworksBuildPhase;
			buildActionMask = 2147483647;
			files = (
				9204C39B182E2F5C006A008D /* XCTest.framework in Frameworks */,
				9204C39D182E2F5C006A008D /* UIKit.framework in Frameworks */,
				9204C39C182E2F5C006A008D /* Foundation.framework in Frameworks */,
			);
			runOnlyForDeploymentPostprocessing = 0;
		};
/* End PBXFrameworksBuildPhase section */

/* Begin PBXGroup section */
		095F8A98732030D0DA6AD908 /* Pods */ = {
			isa = PBXGroup;
			children = (
				48DDD9C2212C806BCBFAF5A6 /* Pods.debug.xcconfig */,
				0C96CDB30484270BE2DD7A4E /* Pods.release.xcconfig */,
				9281540E1A5BED1E00C0CDF7 /* Pods.distribution.xcconfig */,
			);
			name = Pods;
			sourceTree = "<group>";
		};
		9200469D189D021D007124DA /* SevenSegmentDisplay */ = {
			isa = PBXGroup;
			children = (
				9200469A189D0178007124DA /* SevenSegmentDisplay.h */,
				9200469B189D0178007124DA /* SevenSegmentDisplay.m */,
				9200469E189D037F007124DA /* SevenSegmentDisplay.fsh */,
				920046A0189D0390007124DA /* SevenSegmentDisplay.vsh */,
			);
			name = SevenSegmentDisplay;
			sourceTree = "<group>";
		};
		9204C367182E2F5C006A008D = {
			isa = PBXGroup;
			children = (
				92C62F4B197BFCD500A3E939 /* Problems */,
				92FC7FA018A601A200EA329A /* UIKitCategoryAdditions */,
				92A28A59187428A600F0D934 /* Circuits */,
				9204C37D182E2F5C006A008D /* Circuitry */,
				9204C3A0182E2F5C006A008D /* CircuitryTests */,
				9204C372182E2F5C006A008D /* Frameworks */,
				9204C371182E2F5C006A008D /* Products */,
				095F8A98732030D0DA6AD908 /* Pods */,
			);
			sourceTree = "<group>";
		};
		9204C371182E2F5C006A008D /* Products */ = {
			isa = PBXGroup;
			children = (
				9204C370182E2F5C006A008D /* Circuitry.dev.app */,
				9204C399182E2F5C006A008D /* CircuitryTests.xctest */,
			);
			name = Products;
			sourceTree = "<group>";
		};
		9204C372182E2F5C006A008D /* Frameworks */ = {
			isa = PBXGroup;
			children = (
				92DD078F18AFC12D00FB684A /* libz.dylib */,
				92DD078D18AFC12300FB684A /* CoreData.framework */,
				92DD078B18AFC11A00FB684A /* AdSupport.framework */,
				92DD078918AFC10D00FB684A /* SystemConfiguration.framework */,
				9204C373182E2F5C006A008D /* Foundation.framework */,
				9204C375182E2F5C006A008D /* CoreGraphics.framework */,
				9204C377182E2F5C006A008D /* UIKit.framework */,
				9204C379182E2F5C006A008D /* GLKit.framework */,
				9204C37B182E2F5C006A008D /* OpenGLES.framework */,
				9204C39A182E2F5C006A008D /* XCTest.framework */,
				EB58C125A61B4A21B04D8C5D /* libPods.a */,
			);
			name = Frameworks;
			sourceTree = "<group>";
		};
		9204C37D182E2F5C006A008D /* Circuitry */ = {
			isa = PBXGroup;
			children = (
				927C76CA1A5BEF0B004F84ED /* Circuitry.entitlements */,
				92771D401A454ECE000931D9 /* Services */,
				92771D3E1A454E78000931D9 /* Useless */,
				92771D3C1A454E4A000931D9 /* UI Elements */,
				927D1A191875A9F000457367 /* Models */,
				92771D301A454BC8000931D9 /* Controllers */,
				92771CFA1A450886000931D9 /* Managers */,
				92DE44AD187C153F00014CB9 /* circuit.image-atlas */,
				9208B106187565390038A52A /* Circuitry.entitlements */,
				9204C386182E2F5C006A008D /* AppDelegate.h */,
				9204C387182E2F5C006A008D /* AppDelegate.m */,
				9204C389182E2F5C006A008D /* Main.storyboard */,
				92575A3519D2D510000D5AC7 /* MainViewController.h */,
				92575A3619D2D510000D5AC7 /* MainViewController.m */,
				9204C393182E2F5C006A008D /* Images.xcassets */,
				9204C37E182E2F5C006A008D /* Supporting Files */,
			);
			path = Circuitry;
			sourceTree = "<group>";
		};
		9204C37E182E2F5C006A008D /* Supporting Files */ = {
			isa = PBXGroup;
			children = (
				9204C37F182E2F5C006A008D /* Circuitry-Info.plist */,
				9204C380182E2F5C006A008D /* InfoPlist.strings */,
				9204C383182E2F5C006A008D /* main.m */,
				9204C385182E2F5C006A008D /* Circuitry-Prefix.pch */,
				923056A018759577005AE348 /* Configurations.plist */,
			);
			name = "Supporting Files";
			sourceTree = "<group>";
		};
		9204C3A0182E2F5C006A008D /* CircuitryTests */ = {
			isa = PBXGroup;
			children = (
				9204C3A1182E2F5C006A008D /* Supporting Files */,
				92AA6322189E73A000A135F3 /* MongoIDTest.m */,
			);
			path = CircuitryTests;
			sourceTree = "<group>";
		};
		9204C3A1182E2F5C006A008D /* Supporting Files */ = {
			isa = PBXGroup;
			children = (
				9204C3A2182E2F5C006A008D /* CircuitryTests-Info.plist */,
				9204C3A3182E2F5C006A008D /* InfoPlist.strings */,
			);
			name = "Supporting Files";
			sourceTree = "<group>";
		};
		9218F735187696A100742F99 /* LinkBezier */ = {
			isa = PBXGroup;
			children = (
				9218F7361876978A00742F99 /* LinkBezier.h */,
				9218F7371876978A00742F99 /* LinkBezier.m */,
				9218F7391876981900742F99 /* LinkBezier.fsh */,
				9218F73B1876982100742F99 /* LinkBezier.vsh */,
			);
			name = LinkBezier;
			sourceTree = "<group>";
		};
		921C7A511A6D095200CBEECE /* TouchHighlight */ = {
			isa = PBXGroup;
			children = (
				921C7A521A6D096B00CBEECE /* TouchHighlight.h */,
				921C7A531A6D096B00CBEECE /* TouchHighlight.m */,
				921C7A551A6D0ABD00CBEECE /* TouchHighlight.fsh */,
				921C7A571A6D0ACC00CBEECE /* TouchHighlight.vsh */,
			);
			name = TouchHighlight;
			sourceTree = "<group>";
		};
		923C143918826DC00017BAF3 /* HUD */ = {
			isa = PBXGroup;
			children = (
				923C143618826D960017BAF3 /* HUD.h */,
				923C143718826D960017BAF3 /* HUD.m */,
			);
			name = HUD;
			sourceTree = "<group>";
		};
		924BAA6E1A6B7CF60027AAC9 /* TestResult */ = {
			isa = PBXGroup;
			children = (
				924BAA6F1A6B7D0D0027AAC9 /* TestResultViewController.h */,
				924BAA701A6B7D0D0027AAC9 /* TestResultViewController.m */,
				924BAA721A6B89FD0027AAC9 /* TestResultItemCell.h */,
				924BAA731A6B89FD0027AAC9 /* TestResultItemCell.m */,
			);
			name = TestResult;
			sourceTree = "<group>";
		};
		92771CFA1A450886000931D9 /* Managers */ = {
			isa = PBXGroup;
			children = (
				92771CFB1A450891000931D9 /* CircuitManager.h */,
				92771CFC1A450891000931D9 /* CircuitManager.m */,
			);
			name = Managers;
			sourceTree = "<group>";
		};
		92771D301A454BC8000931D9 /* Controllers */ = {
			isa = PBXGroup;
			children = (
				92771D341A454C4B000931D9 /* Terms */,
				92771D331A454BED000931D9 /* Tutorial */,
				92771D321A454BE3000931D9 /* Circuit Edit */,
				92771D311A454BD3000931D9 /* Circuit List */,
			);
			name = Controllers;
			path = ..;
			sourceTree = "<group>";
		};
		92771D311A454BD3000931D9 /* Circuit List */ = {
			isa = PBXGroup;
			children = (
				92FC7F8F18A50C1000EA329A /* CircuitListViewController.h */,
				92FC7F9018A50C1000EA329A /* CircuitListViewController.m */,
				92771D351A454C64000931D9 /* Components */,
			);
			name = "Circuit List";
			sourceTree = "<group>";
		};
		92771D321A454BE3000931D9 /* Circuit Edit */ = {
			isa = PBXGroup;
			children = (
				924BAA6E1A6B7CF60027AAC9 /* TestResult */,
				9277EEF81A69397D00E65E23 /* Hints */,
				9204C390182E2F5C006A008D /* ViewController.h */,
				9204C391182E2F5C006A008D /* ViewController.m */,
				92796A3218A668FB00DB690F /* LongPressObjectGesture.h */,
				92796A3318A668FB00DB690F /* LongPressObjectGesture.m */,
				926099DE196917CF0048F2BD /* CircuitDocumentViewController.h */,
				926099DF196917CF0048F2BD /* CircuitDocumentViewController.m */,
				92771D381A454CC8000931D9 /* Problem Info */,
				92771D361A454C8E000931D9 /* Toolbar */,
			);
			name = "Circuit Edit";
			sourceTree = "<group>";
		};
		92771D331A454BED000931D9 /* Tutorial */ = {
			isa = PBXGroup;
			children = (
				92FA32BC19B2C00C0046A7FE /* Images */,
				92061DE619BDF0720081E3B9 /* TutorialViewController.h */,
				92061DE719BDF0720081E3B9 /* TutorialViewController.m */,
				92771D3B1A454CE8000931D9 /* Page 3 */,
				92771D3A1A454CE3000931D9 /* Page 2 */,
				92771D391A454CDA000931D9 /* Page 1 */,
			);
			name = Tutorial;
			sourceTree = "<group>";
		};
		92771D341A454C4B000931D9 /* Terms */ = {
			isa = PBXGroup;
			children = (
				9232AD851A1CBE120030ADB2 /* Terms.rtf */,
				9232AD821A1CBD6D0030ADB2 /* BoringInfoViewController.h */,
				9232AD831A1CBD6D0030ADB2 /* BoringInfoViewController.m */,
			);
			name = Terms;
			sourceTree = "<group>";
		};
		92771D351A454C64000931D9 /* Components */ = {
			isa = PBXGroup;
			children = (
				92FC7F9718A5B39E00EA329A /* CircuitCollectionViewCell.h */,
				92FC7F9818A5B39E00EA329A /* CircuitCollectionViewCell.m */,
				92FC7F9218A50E7300EA329A /* CircuitListImageView.h */,
				92FC7F9318A50E7300EA329A /* CircuitListImageView.m */,
			);
			name = Components;
			sourceTree = "<group>";
		};
		92771D361A454C8E000931D9 /* Toolbar */ = {
			isa = PBXGroup;
			children = (
				926099E4196919E50048F2BD /* CircuitObjectListTableViewController.h */,
				926099E5196919E50048F2BD /* CircuitObjectListTableViewController.m */,
				9288BBB4196AD6230090455A /* ToolbeltItemTableViewCell.h */,
				9288BBB5196AD6230090455A /* ToolbeltItemTableViewCell.m */,
			);
			name = Toolbar;
			sourceTree = "<group>";
		};
		92771D381A454CC8000931D9 /* Problem Info */ = {
			isa = PBXGroup;
			children = (
				92575A3C19D2EC57000D5AC7 /* ProblemInfoViewController.h */,
				92575A3D19D2EC57000D5AC7 /* ProblemInfoViewController.m */,
			);
			name = "Problem Info";
			sourceTree = "<group>";
		};
		92771D391A454CDA000931D9 /* Page 1 */ = {
			isa = PBXGroup;
			children = (
				9232AD771A1CB8000030ADB2 /* TutorialPage1ViewController.h */,
				9232AD781A1CB8010030ADB2 /* TutorialPage1ViewController.m */,
			);
			name = "Page 1";
			sourceTree = "<group>";
		};
		92771D3A1A454CE3000931D9 /* Page 2 */ = {
			isa = PBXGroup;
			children = (
				9232AD7C1A1CBBF40030ADB2 /* TutorialPage2ViewController.h */,
				9232AD7D1A1CBBF40030ADB2 /* TutorialPage2ViewController.m */,
			);
			name = "Page 2";
			sourceTree = "<group>";
		};
		92771D3B1A454CE8000931D9 /* Page 3 */ = {
			isa = PBXGroup;
			children = (
				9232AD7F1A1CBC090030ADB2 /* TutorialPage3ViewController.h */,
				9232AD801A1CBC090030ADB2 /* TutorialPage3ViewController.m */,
			);
			name = "Page 3";
			sourceTree = "<group>";
		};
		92771D3C1A454E4A000931D9 /* UI Elements */ = {
			isa = PBXGroup;
			children = (
				927D1A181875A9B400457367 /* OpenGL Views */,
				92771D3D1A454E4F000931D9 /* Transitions */,
			);
			name = "UI Elements";
			sourceTree = "<group>";
		};
		92771D3D1A454E4F000931D9 /* Transitions */ = {
			isa = PBXGroup;
			children = (
				929CB69318A7833C00BEE7D6 /* TransitionFromDocumentListToDocument.h */,
				929CB69418A7833C00BEE7D6 /* TransitionFromDocumentListToDocument.m */,
			);
			name = Transitions;
			sourceTree = "<group>";
		};
		92771D3E1A454E78000931D9 /* Useless */ = {
			isa = PBXGroup;
			children = (
				9253C40A18854D0B00D2509C /* CreateLinkGestureRecognizer.h */,
				9253C40B18854D0B00D2509C /* CreateLinkGestureRecognizer.m */,
				9253C407188545EC00D2509C /* CreateGatePanGestureRecognizer.h */,
				9253C408188545EC00D2509C /* CreateGatePanGestureRecognizer.m */,
				92E037BD188425E80047F736 /* DragGateGestureRecognizer.h */,
				92E037BE188425E80047F736 /* DragGateGestureRecognizer.m */,
				92EF38A51A73C73F008401B1 /* HoldDownGestureRecognizer.h */,
				92EF38A61A73C73F008401B1 /* HoldDownGestureRecognizer.m */,
			);
			name = Useless;
			sourceTree = "<group>";
		};
		92771D3F1A454E94000931D9 /* Shaders */ = {
			isa = PBXGroup;
			children = (
				9204C38C182E2F5C006A008D /* Shader.fsh */,
				9204C38E182E2F5C006A008D /* Shader.vsh */,
			);
			name = Shaders;
			sourceTree = "<group>";
		};
		92771D401A454ECE000931D9 /* Services */ = {
			isa = PBXGroup;
			children = (
				92771CF41A44FBF3000931D9 /* Analytics.h */,
				9277EEF51A69278D00E65E23 /* AnalyticsManager.h */,
				9277EEF61A69278D00E65E23 /* AnalyticsManager.m */,
				92771CF51A44FBF3000931D9 /* Analytics.m */,
				92771CF71A44FD2A000931D9 /* StyleManager.h */,
				92771CF81A44FD2A000931D9 /* StyleManager.m */,
			);
			name = Services;
			sourceTree = "<group>";
		};
		9277EEF81A69397D00E65E23 /* Hints */ = {
			isa = PBXGroup;
			children = (
			);
			name = Hints;
			sourceTree = "<group>";
		};
		927D1A131875A97000457367 /* Sprite */ = {
			isa = PBXGroup;
			children = (
				92880620187243800096A1CA /* Sprite.vsh */,
				928806221872438E0096A1CA /* Sprite.fsh */,
				92D90E301837807000387FAC /* Sprite.h */,
				92D90E311837807000387FAC /* Sprite.m */,
				9232B64F18780CFE00E45C7E /* BatchedSprite.h */,
				9232B65018780CFE00E45C7E /* BatchedSprite.m */,
				9232B6521878140500E45C7E /* BatchedSprite.vsh */,
				9232B6541878353A00E45C7E /* BatchedSprite.fsh */,
			);
			name = Sprite;
			sourceTree = "<group>";
		};
		927D1A141875A98400457367 /* Circuit */ = {
			isa = PBXGroup;
			children = (
				92A28A5C187433E800F0D934 /* Circuit.h */,
				92A28A5D187433E800F0D934 /* Circuit.m */,
				92AFE8FF197B90AC003680B0 /* CircuitTestResult.h */,
				92AFE900197B90AC003680B0 /* CircuitTestResult.m */,
				92AFE8FC197B728A003680B0 /* CircuitTest.h */,
				92AFE8FD197B728A003680B0 /* CircuitTest.m */,
				923A062F189D2D660064834C /* CircuitDocument.h */,
				923A0630189D2D660064834C /* CircuitDocument.m */,
				92A861B0189E402900F64673 /* MongoID.h */,
				92A861B1189E402900F64673 /* MongoID.m */,
				92771D421A455301000931D9 /* CircuitInternal.h */,
				92771D411A455301000931D9 /* CircuitInternal.c */,
				92771D441A456939000931D9 /* MongoIDType.c */,
				92771D451A456939000931D9 /* MongoIDType.h */,
			);
			name = Circuit;
			sourceTree = "<group>";
		};
		927D1A151875A98F00457367 /* ShaderEffect */ = {
			isa = PBXGroup;
			children = (
				92D90E361837836500387FAC /* ShaderEffect.h */,
				92D90E371837836500387FAC /* ShaderEffect.m */,
			);
			name = ShaderEffect;
			sourceTree = "<group>";
		};
		927D1A161875A99800457367 /* Grid */ = {
			isa = PBXGroup;
			children = (
				92D90E3C1838E9CD00387FAC /* Grid.vsh */,
				92D90E3E1838E9D700387FAC /* Grid.fsh */,
				92D90E391838D7AB00387FAC /* Grid.h */,
				92D90E3A1838D7AB00387FAC /* Grid.m */,
			);
			name = Grid;
			sourceTree = "<group>";
		};
		927D1A171875A9AA00457367 /* Viewport */ = {
			isa = PBXGroup;
			children = (
				92A4F86B187289F300EEB367 /* Viewport.h */,
				92A4F86C187289F300EEB367 /* Viewport.m */,
				92B269AD1886B175007E9866 /* ImageAtlas.h */,
				92B269AE1886B175007E9866 /* ImageAtlas.m */,
			);
			name = Viewport;
			sourceTree = "<group>";
		};
		927D1A181875A9B400457367 /* OpenGL Views */ = {
			isa = PBXGroup;
			children = (
				921C7A511A6D095200CBEECE /* TouchHighlight */,
				927D1A151875A98F00457367 /* ShaderEffect */,
				92771D3F1A454E94000931D9 /* Shaders */,
				9218F735187696A100742F99 /* LinkBezier */,
				92A4F86F18728A1F00EEB367 /* Drawable.m */,
				9200469D189D021D007124DA /* SevenSegmentDisplay */,
				92020C08189A54ED00B6D8F5 /* background.jpg */,
				92A4F86E18728A1F00EEB367 /* Drawable.h */,
				927D1A131875A97000457367 /* Sprite */,
				927D1A161875A99800457367 /* Grid */,
				927D1A171875A9AA00457367 /* Viewport */,
				923C143918826DC00017BAF3 /* HUD */,
			);
			name = "OpenGL Views";
			sourceTree = "<group>";
		};
		927D1A191875A9F000457367 /* Models */ = {
			isa = PBXGroup;
			children = (
				92191A0B1A29DECB009594B1 /* ProblemSet.h */,
				92191A0C1A29DECB009594B1 /* ProblemSet.m */,
				9288BBB7196AD6470090455A /* ToolbeltItem.h */,
				9288BBB8196AD6470090455A /* ToolbeltItem.m */,
				92191A0E1A29E26C009594B1 /* ProblemSetProblemInfo.h */,
				92191A0F1A29E26C009594B1 /* ProblemSetProblemInfo.m */,
				927D1A141875A98400457367 /* Circuit */,
			);
			name = Models;
			sourceTree = "<group>";
		};
		92A28A59187428A600F0D934 /* Circuits */ = {
			isa = PBXGroup;
			children = (
				92121A751A16E8CF0071ABEF /* blank.json */,
			);
			name = Circuits;
			sourceTree = "<group>";
		};
		92FA32BC19B2C00C0046A7FE /* Images */ = {
			isa = PBXGroup;
			children = (
				92A0F7D31A7D069B00B984EC /* bg-blur@2x.jpg */,
				92FA32C119B2C21B0046A7FE /* tutorial-logo@2x.png */,
				9232AD7A1A1CB9EC0030ADB2 /* ipad-white-vertical-level-1.png */,
				92FA32BD19B2C0140046A7FE /* tutorial-bg-1@2x.jpg */,
				927FC3981A1A12BA00138BCA /* tutorial-bg-2@2x.jpg */,
				92FA32C619B2E1B70046A7FE /* tutorial-bg-3@2x.jpg */,
			);
			name = Images;
			sourceTree = "<group>";
		};
		92FC7FA018A601A200EA329A /* UIKitCategoryAdditions */ = {
			isa = PBXGroup;
			children = (
				92FC7FA418A601BD00EA329A /* UIAlertView+MKBlockAdditions.h */,
				92FC7FA518A601BD00EA329A /* UIAlertView+MKBlockAdditions.m */,
			);
			name = UIKitCategoryAdditions;
			sourceTree = "<group>";
		};
/* End PBXGroup section */

/* Begin PBXNativeTarget section */
		9204C36F182E2F5C006A008D /* Circuitry */ = {
			isa = PBXNativeTarget;
			buildConfigurationList = 9204C3AA182E2F5C006A008D /* Build configuration list for PBXNativeTarget "Circuitry" */;
			buildPhases = (
				BC3AC6D7B3254235807EDC14 /* Check Pods Manifest.lock */,
				9204C36C182E2F5C006A008D /* Sources */,
				9204C36D182E2F5C006A008D /* Frameworks */,
				9204C36E182E2F5C006A008D /* Resources */,
				6A68470BA0224B4483CAB8C2 /* Copy Pods Resources */,
			);
			buildRules = (
				92BE2A3D187C0EDE001DCC59 /* PBXBuildRule */,
			);
			dependencies = (
			);
			name = Circuitry;
			productName = circuitry;
			productReference = 9204C370182E2F5C006A008D /* Circuitry.dev.app */;
			productType = "com.apple.product-type.application";
		};
		9204C398182E2F5C006A008D /* CircuitryTests */ = {
			isa = PBXNativeTarget;
			buildConfigurationList = 9204C3AD182E2F5C006A008D /* Build configuration list for PBXNativeTarget "CircuitryTests" */;
			buildPhases = (
				9204C395182E2F5C006A008D /* Sources */,
				9204C396182E2F5C006A008D /* Frameworks */,
				9204C397182E2F5C006A008D /* Resources */,
			);
			buildRules = (
			);
			dependencies = (
				9204C39F182E2F5C006A008D /* PBXTargetDependency */,
			);
			name = CircuitryTests;
			productName = CircuitryTests;
			productReference = 9204C399182E2F5C006A008D /* CircuitryTests.xctest */;
			productType = "com.apple.product-type.bundle.unit-test";
		};
/* End PBXNativeTarget section */

/* Begin PBXProject section */
		9204C368182E2F5C006A008D /* Project object */ = {
			isa = PBXProject;
			attributes = {
				LastUpgradeCheck = 0510;
				ORGANIZATIONNAME = Circuitry;
				TargetAttributes = {
					9204C36F182E2F5C006A008D = {
						DevelopmentTeam = 5X6237AEMK;
						SystemCapabilities = {
							com.apple.iCloud = {
								enabled = 1;
							};
						};
					};
					9204C398182E2F5C006A008D = {
						TestTargetID = 9204C36F182E2F5C006A008D;
					};
				};
			};
			buildConfigurationList = 9204C36B182E2F5C006A008D /* Build configuration list for PBXProject "Circuitry" */;
			compatibilityVersion = "Xcode 3.2";
			developmentRegion = English;
			hasScannedForEncodings = 0;
			knownRegions = (
				en,
				Base,
			);
			mainGroup = 9204C367182E2F5C006A008D;
			productRefGroup = 9204C371182E2F5C006A008D /* Products */;
			projectDirPath = "";
			projectRoot = "";
			targets = (
				9204C36F182E2F5C006A008D /* Circuitry */,
				9204C398182E2F5C006A008D /* CircuitryTests */,
			);
		};
/* End PBXProject section */

/* Begin PBXResourcesBuildPhase section */
		9204C36E182E2F5C006A008D /* Resources */ = {
			isa = PBXResourcesBuildPhase;
			buildActionMask = 2147483647;
			files = (
				920046A3189D0A60007124DA /* SevenSegmentDisplay.vsh in Resources */,
				92A0F7D41A7D069B00B984EC /* bg-blur@2x.jpg in Resources */,
				9232AD861A1CBE120030ADB2 /* Terms.rtf in Resources */,
				9232B6761878436E00E45C7E /* BatchedSprite.vsh in Resources */,
				92020C0B189A578200B6D8F5 /* circuit.image-atlas in Resources */,
				9232B6771878436E00E45C7E /* BatchedSprite.fsh in Resources */,
				92FA32C719B2E1B70046A7FE /* tutorial-bg-3@2x.jpg in Resources */,
				9218F73D1876AB7C00742F99 /* LinkBezier.fsh in Resources */,
				9218F73E1876AB7C00742F99 /* LinkBezier.vsh in Resources */,
				92A4F871187295EF00EEB367 /* Grid.vsh in Resources */,
				9232AD7B1A1CB9EC0030ADB2 /* ipad-white-vertical-level-1.png in Resources */,
				927FC3991A1A12BA00138BCA /* tutorial-bg-2@2x.jpg in Resources */,
				92121A761A16E8CF0071ABEF /* blank.json in Resources */,
				92FA32C219B2C21B0046A7FE /* tutorial-logo@2x.png in Resources */,
				92020C09189A54ED00B6D8F5 /* background.jpg in Resources */,
				92FA32BE19B2C0140046A7FE /* tutorial-bg-1@2x.jpg in Resources */,
				923056A118759577005AE348 /* Configurations.plist in Resources */,
				92A4F872187295EF00EEB367 /* Grid.fsh in Resources */,
				9288062418725AB20096A1CA /* Sprite.vsh in Resources */,
				921C7A561A6D0ABD00CBEECE /* TouchHighlight.fsh in Resources */,
				9288062518725AB20096A1CA /* Sprite.fsh in Resources */,
				921C7A581A6D0ACC00CBEECE /* TouchHighlight.vsh in Resources */,
				9204C394182E2F5C006A008D /* Images.xcassets in Resources */,
				928FDF761A46644A0042319C /* SevenSegmentDisplay.fsh in Resources */,
				92C62F4C197BFCD600A3E939 /* Problems in Resources */,
				9204C382182E2F5C006A008D /* InfoPlist.strings in Resources */,
				9204C38B182E2F5C006A008D /* Main.storyboard in Resources */,
			);
			runOnlyForDeploymentPostprocessing = 0;
		};
		9204C397182E2F5C006A008D /* Resources */ = {
			isa = PBXResourcesBuildPhase;
			buildActionMask = 2147483647;
			files = (
				9204C3A5182E2F5C006A008D /* InfoPlist.strings in Resources */,
			);
			runOnlyForDeploymentPostprocessing = 0;
		};
/* End PBXResourcesBuildPhase section */

/* Begin PBXShellScriptBuildPhase section */
		6A68470BA0224B4483CAB8C2 /* Copy Pods Resources */ = {
			isa = PBXShellScriptBuildPhase;
			buildActionMask = 2147483647;
			files = (
			);
			inputPaths = (
			);
			name = "Copy Pods Resources";
			outputPaths = (
			);
			runOnlyForDeploymentPostprocessing = 0;
			shellPath = /bin/sh;
			shellScript = "\"${SRCROOT}/Pods/Target Support Files/Pods/Pods-resources.sh\"\n";
			showEnvVarsInLog = 0;
		};
		BC3AC6D7B3254235807EDC14 /* Check Pods Manifest.lock */ = {
			isa = PBXShellScriptBuildPhase;
			buildActionMask = 2147483647;
			files = (
			);
			inputPaths = (
			);
			name = "Check Pods Manifest.lock";
			outputPaths = (
			);
			runOnlyForDeploymentPostprocessing = 0;
			shellPath = /bin/sh;
			shellScript = "diff \"${PODS_ROOT}/../Podfile.lock\" \"${PODS_ROOT}/Manifest.lock\" > /dev/null\nif [[ $? != 0 ]] ; then\n    cat << EOM\nerror: The sandbox is not in sync with the Podfile.lock. Run 'pod install' or update your CocoaPods installation.\nEOM\n    exit 1\nfi\n";
			showEnvVarsInLog = 0;
		};
/* End PBXShellScriptBuildPhase section */

/* Begin PBXSourcesBuildPhase section */
		9204C36C182E2F5C006A008D /* Sources */ = {
			isa = PBXSourcesBuildPhase;
			buildActionMask = 2147483647;
			files = (
				92B269AF1886B175007E9866 /* ImageAtlas.m in Sources */,
				92A28A5E187433E800F0D934 /* Circuit.m in Sources */,
				9232B65118780CFE00E45C7E /* BatchedSprite.m in Sources */,
				9253C40C18854D0B00D2509C /* CreateLinkGestureRecognizer.m in Sources */,
				92771D461A456939000931D9 /* MongoIDType.c in Sources */,
				92A4F86D187289F300EEB367 /* Viewport.m in Sources */,
				92E037BF188425E80047F736 /* DragGateGestureRecognizer.m in Sources */,
				92061DE819BDF0720081E3B9 /* TutorialViewController.m in Sources */,
				9232AD841A1CBD6D0030ADB2 /* BoringInfoViewController.m in Sources */,
				92FC7F9118A50C1000EA329A /* CircuitListViewController.m in Sources */,
				92771CFD1A450891000931D9 /* CircuitManager.m in Sources */,
				92D90E3B1838D7AB00387FAC /* Grid.m in Sources */,
				92575A3719D2D510000D5AC7 /* MainViewController.m in Sources */,
				9204C392182E2F5C006A008D /* ViewController.m in Sources */,
				92AFE901197B90AC003680B0 /* CircuitTestResult.m in Sources */,
				923C143818826D960017BAF3 /* HUD.m in Sources */,
				92EF38A71A73C73F008401B1 /* HoldDownGestureRecognizer.m in Sources */,
				92771D431A455301000931D9 /* CircuitInternal.c in Sources */,
				92771CF91A44FD2A000931D9 /* StyleManager.m in Sources */,
				921C7A541A6D096B00CBEECE /* TouchHighlight.m in Sources */,
				9204C388182E2F5C006A008D /* AppDelegate.m in Sources */,
				92D90E321837807000387FAC /* Sprite.m in Sources */,
				92FC7F9918A5B39E00EA329A /* CircuitCollectionViewCell.m in Sources */,
				929CB69518A7833C00BEE7D6 /* TransitionFromDocumentListToDocument.m in Sources */,
				92FC7F9418A50E7300EA329A /* CircuitListImageView.m in Sources */,
				924BAA711A6B7D0D0027AAC9 /* TestResultViewController.m in Sources */,
				92575A3E19D2EC57000D5AC7 /* ProblemInfoViewController.m in Sources */,
				92FC7FA618A601BD00EA329A /* UIAlertView+MKBlockAdditions.m in Sources */,
				9232AD811A1CBC090030ADB2 /* TutorialPage3ViewController.m in Sources */,
				9288BBB9196AD6470090455A /* ToolbeltItem.m in Sources */,
				9200469C189D0178007124DA /* SevenSegmentDisplay.m in Sources */,
				924BAA741A6B89FD0027AAC9 /* TestResultItemCell.m in Sources */,
				92A4F87018728A1F00EEB367 /* Drawable.m in Sources */,
				9232AD791A1CB8010030ADB2 /* TutorialPage1ViewController.m in Sources */,
				9232AD7E1A1CBBF40030ADB2 /* TutorialPage2ViewController.m in Sources */,
				9288BBB6196AD6230090455A /* ToolbeltItemTableViewCell.m in Sources */,
				92191A0D1A29DECB009594B1 /* ProblemSet.m in Sources */,
				9218F7381876978A00742F99 /* LinkBezier.m in Sources */,
				92A861B2189E402900F64673 /* MongoID.m in Sources */,
				9253C409188545EC00D2509C /* CreateGatePanGestureRecognizer.m in Sources */,
				92771CF61A44FBF3000931D9 /* Analytics.m in Sources */,
				92191A101A29E26C009594B1 /* ProblemSetProblemInfo.m in Sources */,
				926099E0196917CF0048F2BD /* CircuitDocumentViewController.m in Sources */,
				92796A3418A668FB00DB690F /* LongPressObjectGesture.m in Sources */,
				92D90E381837836500387FAC /* ShaderEffect.m in Sources */,
				923A0631189D2D660064834C /* CircuitDocument.m in Sources */,
				92AFE8FE197B728A003680B0 /* CircuitTest.m in Sources */,
				926099E6196919E50048F2BD /* CircuitObjectListTableViewController.m in Sources */,
				9277EEF71A69278D00E65E23 /* AnalyticsManager.m in Sources */,
				9204C384182E2F5C006A008D /* main.m in Sources */,
			);
			runOnlyForDeploymentPostprocessing = 0;
		};
		9204C395182E2F5C006A008D /* Sources */ = {
			isa = PBXSourcesBuildPhase;
			buildActionMask = 2147483647;
			files = (
				92AA6323189E73A000A135F3 /* MongoIDTest.m in Sources */,
				920BC892189E7674004E5D45 /* MongoID.m in Sources */,
			);
			runOnlyForDeploymentPostprocessing = 0;
		};
/* End PBXSourcesBuildPhase section */

/* Begin PBXTargetDependency section */
		9204C39F182E2F5C006A008D /* PBXTargetDependency */ = {
			isa = PBXTargetDependency;
			target = 9204C36F182E2F5C006A008D /* Circuitry */;
			targetProxy = 9204C39E182E2F5C006A008D /* PBXContainerItemProxy */;
		};
/* End PBXTargetDependency section */

/* Begin PBXVariantGroup section */
		9204C380182E2F5C006A008D /* InfoPlist.strings */ = {
			isa = PBXVariantGroup;
			children = (
				9204C381182E2F5C006A008D /* en */,
			);
			name = InfoPlist.strings;
			sourceTree = "<group>";
		};
		9204C389182E2F5C006A008D /* Main.storyboard */ = {
			isa = PBXVariantGroup;
			children = (
				9204C38A182E2F5C006A008D /* Base */,
			);
			name = Main.storyboard;
			sourceTree = "<group>";
		};
		9204C3A3182E2F5C006A008D /* InfoPlist.strings */ = {
			isa = PBXVariantGroup;
			children = (
				9204C3A4182E2F5C006A008D /* en */,
			);
			name = InfoPlist.strings;
			sourceTree = "<group>";
		};
/* End PBXVariantGroup section */

/* Begin XCBuildConfiguration section */
		9204C3A8182E2F5C006A008D /* Debug */ = {
			isa = XCBuildConfiguration;
			buildSettings = {
				ALWAYS_SEARCH_USER_PATHS = NO;
				CLANG_CXX_LANGUAGE_STANDARD = "gnu++0x";
				CLANG_CXX_LIBRARY = "libc++";
				CLANG_ENABLE_MODULES = YES;
				CLANG_ENABLE_OBJC_ARC = YES;
				CLANG_WARN_BOOL_CONVERSION = YES;
				CLANG_WARN_CONSTANT_CONVERSION = YES;
				CLANG_WARN_DIRECT_OBJC_ISA_USAGE = YES_ERROR;
				CLANG_WARN_EMPTY_BODY = YES;
				CLANG_WARN_ENUM_CONVERSION = YES;
				CLANG_WARN_INT_CONVERSION = YES;
				CLANG_WARN_OBJC_IMPLICIT_ATOMIC_PROPERTIES = YES;
				CLANG_WARN_OBJC_ROOT_CLASS = YES_ERROR;
				CLANG_WARN__DUPLICATE_METHOD_MATCH = YES;
				"CODE_SIGN_IDENTITY[sdk=iphoneos*]" = "iPhone Developer";
				COPY_PHASE_STRIP = NO;
				GCC_C_LANGUAGE_STANDARD = gnu99;
				GCC_DYNAMIC_NO_PIC = NO;
				GCC_OPTIMIZATION_LEVEL = 0;
				GCC_PREPROCESSOR_DEFINITIONS = (
					"MIXPANEL_NO_IFA=1",
					"DEBUG=1",
				);
				GCC_SYMBOLS_PRIVATE_EXTERN = NO;
				GCC_WARN_64_TO_32_BIT_CONVERSION = YES;
				GCC_WARN_ABOUT_RETURN_TYPE = YES_ERROR;
				GCC_WARN_UNDECLARED_SELECTOR = YES;
				GCC_WARN_UNINITIALIZED_AUTOS = YES;
				GCC_WARN_UNUSED_FUNCTION = YES;
				GCC_WARN_UNUSED_VARIABLE = YES;
				IPHONEOS_DEPLOYMENT_TARGET = 7.0;
				ONLY_ACTIVE_ARCH = YES;
				SDKROOT = iphoneos;
				TARGETED_DEVICE_FAMILY = 2;
			};
			name = Debug;
		};
		9204C3A9182E2F5C006A008D /* Release */ = {
			isa = XCBuildConfiguration;
			buildSettings = {
				ALWAYS_SEARCH_USER_PATHS = NO;
				CLANG_CXX_LANGUAGE_STANDARD = "gnu++0x";
				CLANG_CXX_LIBRARY = "libc++";
				CLANG_ENABLE_MODULES = YES;
				CLANG_ENABLE_OBJC_ARC = YES;
				CLANG_WARN_BOOL_CONVERSION = YES;
				CLANG_WARN_CONSTANT_CONVERSION = YES;
				CLANG_WARN_DIRECT_OBJC_ISA_USAGE = YES_ERROR;
				CLANG_WARN_EMPTY_BODY = YES;
				CLANG_WARN_ENUM_CONVERSION = YES;
				CLANG_WARN_INT_CONVERSION = YES;
				CLANG_WARN_OBJC_IMPLICIT_ATOMIC_PROPERTIES = YES;
				CLANG_WARN_OBJC_ROOT_CLASS = YES_ERROR;
				CLANG_WARN__DUPLICATE_METHOD_MATCH = YES;
				"CODE_SIGN_IDENTITY[sdk=iphoneos*]" = "iPhone Developer";
				COPY_PHASE_STRIP = YES;
				ENABLE_NS_ASSERTIONS = NO;
				GCC_C_LANGUAGE_STANDARD = gnu99;
				GCC_PREPROCESSOR_DEFINITIONS = "MIXPANEL_NO_IFA=1";
				GCC_WARN_64_TO_32_BIT_CONVERSION = YES;
				GCC_WARN_ABOUT_RETURN_TYPE = YES_ERROR;
				GCC_WARN_UNDECLARED_SELECTOR = YES;
				GCC_WARN_UNINITIALIZED_AUTOS = YES;
				GCC_WARN_UNUSED_FUNCTION = YES;
				GCC_WARN_UNUSED_VARIABLE = YES;
				IPHONEOS_DEPLOYMENT_TARGET = 7.0;
				SDKROOT = iphoneos;
				TARGETED_DEVICE_FAMILY = 2;
				VALIDATE_PRODUCT = YES;
			};
			name = Release;
		};
		9204C3AB182E2F5C006A008D /* Debug */ = {
			isa = XCBuildConfiguration;
			baseConfigurationReference = 48DDD9C2212C806BCBFAF5A6 /* Pods.debug.xcconfig */;
			buildSettings = {
				ASSETCATALOG_COMPILER_APPICON_NAME = "AppIcon-Beta";
				ASSETCATALOG_COMPILER_LAUNCHIMAGE_NAME = LaunchImage;
				BUNDLE_IDENTIFIER = com.circuitry.circuitry.debug;
				CLANG_ANALYZER_SECURITY_INSECUREAPI_STRCPY = NO;
				CLANG_WARN_DEPRECATED_OBJC_IMPLEMENTATIONS = NO;
				CLANG_WARN_OBJC_IMPLICIT_ATOMIC_PROPERTIES = YES;
				CODE_SIGN_ENTITLEMENTS = Circuitry/Circuitry.entitlements;
				CODE_SIGN_IDENTITY = "iPhone Developer";
				"CODE_SIGN_IDENTITY[sdk=iphoneos*]" = "iPhone Developer";
				GCC_PRECOMPILE_PREFIX_HEADER = YES;
				GCC_PREFIX_HEADER = "Circuitry/Circuitry-Prefix.pch";
				INFOPLIST_FILE = "Circuitry/Circuitry-Info.plist";
				PRODUCT_NAME = Circuitry.dev;
				PROVISIONING_PROFILE = "";
				WRAPPER_EXTENSION = app;
			};
			name = Debug;
		};
		9204C3AC182E2F5C006A008D /* Release */ = {
			isa = XCBuildConfiguration;
			baseConfigurationReference = 0C96CDB30484270BE2DD7A4E /* Pods.release.xcconfig */;
			buildSettings = {
				ASSETCATALOG_COMPILER_APPICON_NAME = "AppIcon-Beta";
				ASSETCATALOG_COMPILER_LAUNCHIMAGE_NAME = LaunchImage;
				BUNDLE_IDENTIFIER = com.circuitry.circuitry.debug;
				CLANG_ANALYZER_SECURITY_INSECUREAPI_STRCPY = NO;
				CLANG_WARN_DEPRECATED_OBJC_IMPLEMENTATIONS = NO;
				CLANG_WARN_OBJC_IMPLICIT_ATOMIC_PROPERTIES = YES;
				CODE_SIGN_ENTITLEMENTS = Circuitry/Circuitry.entitlements;
				CODE_SIGN_IDENTITY = "iPhone Developer";
				"CODE_SIGN_IDENTITY[sdk=iphoneos*]" = "iPhone Developer";
				GCC_OPTIMIZATION_LEVEL = fast;
				GCC_PRECOMPILE_PREFIX_HEADER = YES;
				GCC_PREFIX_HEADER = "Circuitry/Circuitry-Prefix.pch";
				INFOPLIST_FILE = "Circuitry/Circuitry-Info.plist";
				PRODUCT_NAME = "$(TARGET_NAME)";
				PROVISIONING_PROFILE = "a487b4f3-6e8c-463d-9ba8-22fd5373fbb2";
				WRAPPER_EXTENSION = app;
			};
			name = Release;
		};
		9204C3AE182E2F5C006A008D /* Debug */ = {
			isa = XCBuildConfiguration;
			buildSettings = {
				BUNDLE_LOADER = "$(TEST_HOST)";
				FRAMEWORK_SEARCH_PATHS = (
					"$(SDKROOT)/Developer/Library/Frameworks",
					"$(inherited)",
					"$(DEVELOPER_FRAMEWORKS_DIR)",
				);
				GCC_PRECOMPILE_PREFIX_HEADER = YES;
				GCC_PREFIX_HEADER = "Circuitry/Circuitry-Prefix.pch";
				GCC_PREPROCESSOR_DEFINITIONS = (
					"DEBUG=1",
					"$(inherited)",
				);
				INFOPLIST_FILE = "CircuitryTests/CircuitryTests-Info.plist";
				PRODUCT_NAME = "$(TARGET_NAME)";
				TEST_HOST = "$(BUILT_PRODUCTS_DIR)/Circuitry.dev.app/Circuitry.dev";
				WRAPPER_EXTENSION = xctest;
			};
			name = Debug;
		};
		9204C3AF182E2F5C006A008D /* Release */ = {
			isa = XCBuildConfiguration;
			buildSettings = {
				BUNDLE_LOADER = "$(TEST_HOST)";
				FRAMEWORK_SEARCH_PATHS = (
					"$(SDKROOT)/Developer/Library/Frameworks",
					"$(inherited)",
					"$(DEVELOPER_FRAMEWORKS_DIR)",
				);
				GCC_PRECOMPILE_PREFIX_HEADER = YES;
				GCC_PREFIX_HEADER = "Circuitry/Circuitry-Prefix.pch";
				INFOPLIST_FILE = "CircuitryTests/CircuitryTests-Info.plist";
				PRODUCT_NAME = "$(TARGET_NAME)";
				TEST_HOST = "$(BUILT_PRODUCTS_DIR)/Circuitry.dev.app/Circuitry.dev";
				WRAPPER_EXTENSION = xctest;
			};
			name = Release;
		};
		92158A0E1A5BDF990009B89C /* Distribution */ = {
			isa = XCBuildConfiguration;
			buildSettings = {
				ALWAYS_SEARCH_USER_PATHS = NO;
				CLANG_CXX_LANGUAGE_STANDARD = "gnu++0x";
				CLANG_CXX_LIBRARY = "libc++";
				CLANG_ENABLE_MODULES = YES;
				CLANG_ENABLE_OBJC_ARC = YES;
				CLANG_WARN_BOOL_CONVERSION = YES;
				CLANG_WARN_CONSTANT_CONVERSION = YES;
				CLANG_WARN_DIRECT_OBJC_ISA_USAGE = YES_ERROR;
				CLANG_WARN_EMPTY_BODY = YES;
				CLANG_WARN_ENUM_CONVERSION = YES;
				CLANG_WARN_INT_CONVERSION = YES;
				CLANG_WARN_OBJC_IMPLICIT_ATOMIC_PROPERTIES = YES;
				CLANG_WARN_OBJC_ROOT_CLASS = YES_ERROR;
				CLANG_WARN__DUPLICATE_METHOD_MATCH = YES;
				"CODE_SIGN_IDENTITY[sdk=iphoneos*]" = "iPhone Developer";
				COPY_PHASE_STRIP = YES;
				ENABLE_NS_ASSERTIONS = NO;
				GCC_C_LANGUAGE_STANDARD = gnu99;
				GCC_PREPROCESSOR_DEFINITIONS = "MIXPANEL_NO_IFA=1";
				GCC_WARN_64_TO_32_BIT_CONVERSION = YES;
				GCC_WARN_ABOUT_RETURN_TYPE = YES_ERROR;
				GCC_WARN_UNDECLARED_SELECTOR = YES;
				GCC_WARN_UNINITIALIZED_AUTOS = YES;
				GCC_WARN_UNUSED_FUNCTION = YES;
				GCC_WARN_UNUSED_VARIABLE = YES;
				IPHONEOS_DEPLOYMENT_TARGET = 7.0;
				SDKROOT = iphoneos;
				TARGETED_DEVICE_FAMILY = 2;
				VALIDATE_PRODUCT = YES;
			};
			name = Distribution;
		};
		92158A0F1A5BDF990009B89C /* Distribution */ = {
			isa = XCBuildConfiguration;
			baseConfigurationReference = 9281540E1A5BED1E00C0CDF7 /* Pods.distribution.xcconfig */;
			buildSettings = {
				ASSETCATALOG_COMPILER_APPICON_NAME = AppIcon;
				ASSETCATALOG_COMPILER_LAUNCHIMAGE_NAME = LaunchImage;
				BUNDLE_IDENTIFIER = com.circuitry.circuitry;
				CLANG_ANALYZER_SECURITY_INSECUREAPI_STRCPY = NO;
				CLANG_WARN_DEPRECATED_OBJC_IMPLEMENTATIONS = NO;
				CLANG_WARN_OBJC_IMPLICIT_ATOMIC_PROPERTIES = YES;
				CODE_SIGN_ENTITLEMENTS = Circuitry/Circuitry.entitlements;
				CODE_SIGN_IDENTITY = "iPhone Developer";
				"CODE_SIGN_IDENTITY[sdk=iphoneos*]" = "iPhone Developer";
				GCC_OPTIMIZATION_LEVEL = fast;
				GCC_PRECOMPILE_PREFIX_HEADER = YES;
				GCC_PREFIX_HEADER = "Circuitry/Circuitry-Prefix.pch";
				INFOPLIST_FILE = "Circuitry/Circuitry-Info.plist";
				PRODUCT_NAME = "$(TARGET_NAME)";
				PROVISIONING_PROFILE = "1356b156-d16b-4e0c-8f4a-76e95596944a";
				WRAPPER_EXTENSION = app;
			};
			name = Distribution;
		};
		92158A101A5BDF990009B89C /* Distribution */ = {
			isa = XCBuildConfiguration;
			buildSettings = {
				BUNDLE_LOADER = "$(TEST_HOST)";
				FRAMEWORK_SEARCH_PATHS = (
					"$(SDKROOT)/Developer/Library/Frameworks",
					"$(inherited)",
					"$(DEVELOPER_FRAMEWORKS_DIR)",
				);
				GCC_PRECOMPILE_PREFIX_HEADER = YES;
				GCC_PREFIX_HEADER = "Circuitry/Circuitry-Prefix.pch";
				INFOPLIST_FILE = "CircuitryTests/CircuitryTests-Info.plist";
				PRODUCT_NAME = "$(TARGET_NAME)";
				TEST_HOST = "$(BUILT_PRODUCTS_DIR)/Circuitry.dev.app/Circuitry.dev";
				WRAPPER_EXTENSION = xctest;
			};
			name = Distribution;
		};
/* End XCBuildConfiguration section */

/* Begin XCConfigurationList section */
		9204C36B182E2F5C006A008D /* Build configuration list for PBXProject "Circuitry" */ = {
			isa = XCConfigurationList;
			buildConfigurations = (
				9204C3A8182E2F5C006A008D /* Debug */,
				9204C3A9182E2F5C006A008D /* Release */,
				92158A0E1A5BDF990009B89C /* Distribution */,
			);
			defaultConfigurationIsVisible = 0;
			defaultConfigurationName = Release;
		};
		9204C3AA182E2F5C006A008D /* Build configuration list for PBXNativeTarget "Circuitry" */ = {
			isa = XCConfigurationList;
			buildConfigurations = (
				9204C3AB182E2F5C006A008D /* Debug */,
				9204C3AC182E2F5C006A008D /* Release */,
				92158A0F1A5BDF990009B89C /* Distribution */,
			);
			defaultConfigurationIsVisible = 0;
			defaultConfigurationName = Release;
		};
		9204C3AD182E2F5C006A008D /* Build configuration list for PBXNativeTarget "CircuitryTests" */ = {
			isa = XCConfigurationList;
			buildConfigurations = (
				9204C3AE182E2F5C006A008D /* Debug */,
				9204C3AF182E2F5C006A008D /* Release */,
				92158A101A5BDF990009B89C /* Distribution */,
			);
			defaultConfigurationIsVisible = 0;
			defaultConfigurationName = Release;
		};
/* End XCConfigurationList section */
	};
	rootObject = 9204C368182E2F5C006A008D /* Project object */;
}
