// !$*UTF8*$!
{
	archiveVersion = 1;
	classes = {
	};
	objectVersion = 46;
	objects = {

/* Begin PBXBuildFile section */
		9204C374182E2F5C006A008D /* Foundation.framework in Frameworks */ = {isa = PBXBuildFile; fileRef = 9204C373182E2F5C006A008D /* Foundation.framework */; };
		9204C376182E2F5C006A008D /* CoreGraphics.framework in Frameworks */ = {isa = PBXBuildFile; fileRef = 9204C375182E2F5C006A008D /* CoreGraphics.framework */; };
		9204C378182E2F5C006A008D /* UIKit.framework in Frameworks */ = {isa = PBXBuildFile; fileRef = 9204C377182E2F5C006A008D /* UIKit.framework */; };
		9204C37A182E2F5C006A008D /* GLKit.framework in Frameworks */ = {isa = PBXBuildFile; fileRef = 9204C379182E2F5C006A008D /* GLKit.framework */; };
		9204C37C182E2F5C006A008D /* OpenGLES.framework in Frameworks */ = {isa = PBXBuildFile; fileRef = 9204C37B182E2F5C006A008D /* OpenGLES.framework */; };
		9204C382182E2F5C006A008D /* InfoPlist.strings in Resources */ = {isa = PBXBuildFile; fileRef = 9204C380182E2F5C006A008D /* InfoPlist.strings */; };
		9204C384182E2F5C006A008D /* main.m in Sources */ = {isa = PBXBuildFile; fileRef = 9204C383182E2F5C006A008D /* main.m */; };
		9204C388182E2F5C006A008D /* AppDelegate.m in Sources */ = {isa = PBXBuildFile; fileRef = 9204C387182E2F5C006A008D /* AppDelegate.m */; };
		9204C38B182E2F5C006A008D /* Main.storyboard in Resources */ = {isa = PBXBuildFile; fileRef = 9204C389182E2F5C006A008D /* Main.storyboard */; };
		9204C392182E2F5C006A008D /* ViewController.m in Sources */ = {isa = PBXBuildFile; fileRef = 9204C391182E2F5C006A008D /* ViewController.m */; };
		9204C394182E2F5C006A008D /* Images.xcassets in Resources */ = {isa = PBXBuildFile; fileRef = 9204C393182E2F5C006A008D /* Images.xcassets */; };
		9204C39B182E2F5C006A008D /* XCTest.framework in Frameworks */ = {isa = PBXBuildFile; fileRef = 9204C39A182E2F5C006A008D /* XCTest.framework */; };
		9204C39C182E2F5C006A008D /* Foundation.framework in Frameworks */ = {isa = PBXBuildFile; fileRef = 9204C373182E2F5C006A008D /* Foundation.framework */; };
		9204C39D182E2F5C006A008D /* UIKit.framework in Frameworks */ = {isa = PBXBuildFile; fileRef = 9204C377182E2F5C006A008D /* UIKit.framework */; };
		9204C3A5182E2F5C006A008D /* InfoPlist.strings in Resources */ = {isa = PBXBuildFile; fileRef = 9204C3A3182E2F5C006A008D /* InfoPlist.strings */; };
		9204C3A7182E2F5C006A008D /* CircuitryTests.m in Sources */ = {isa = PBXBuildFile; fileRef = 9204C3A6182E2F5C006A008D /* CircuitryTests.m */; };
		9218F7381876978A00742F99 /* LinkBezier.m in Sources */ = {isa = PBXBuildFile; fileRef = 9218F7371876978A00742F99 /* LinkBezier.m */; };
		9218F73A1876981900742F99 /* LinkBezier.fsh in Sources */ = {isa = PBXBuildFile; fileRef = 9218F7391876981900742F99 /* LinkBezier.fsh */; };
		9218F73C1876982100742F99 /* LinkBezier.vsh in Sources */ = {isa = PBXBuildFile; fileRef = 9218F73B1876982100742F99 /* LinkBezier.vsh */; };
		9218F73D1876AB7C00742F99 /* LinkBezier.fsh in Resources */ = {isa = PBXBuildFile; fileRef = 9218F7391876981900742F99 /* LinkBezier.fsh */; };
		9218F73E1876AB7C00742F99 /* LinkBezier.vsh in Resources */ = {isa = PBXBuildFile; fileRef = 9218F73B1876982100742F99 /* LinkBezier.vsh */; };
		923056A118759577005AE348 /* Configurations.plist in Resources */ = {isa = PBXBuildFile; fileRef = 923056A018759577005AE348 /* Configurations.plist */; };
		9232B65118780CFE00E45C7E /* BatchedSprite.m in Sources */ = {isa = PBXBuildFile; fileRef = 9232B65018780CFE00E45C7E /* BatchedSprite.m */; };
		9232B6531878140500E45C7E /* BatchedSprite.vsh in Sources */ = {isa = PBXBuildFile; fileRef = 9232B6521878140500E45C7E /* BatchedSprite.vsh */; };
		9232B6551878353A00E45C7E /* BatchedSprite.fsh in Sources */ = {isa = PBXBuildFile; fileRef = 9232B6541878353A00E45C7E /* BatchedSprite.fsh */; };
		9232B6761878436E00E45C7E /* BatchedSprite.vsh in Resources */ = {isa = PBXBuildFile; fileRef = 9232B6521878140500E45C7E /* BatchedSprite.vsh */; };
		9232B6771878436E00E45C7E /* BatchedSprite.fsh in Resources */ = {isa = PBXBuildFile; fileRef = 9232B6541878353A00E45C7E /* BatchedSprite.fsh */; };
		923C143818826D960017BAF3 /* HUD.m in Sources */ = {isa = PBXBuildFile; fileRef = 923C143718826D960017BAF3 /* HUD.m */; };
		923C143C18826F280017BAF3 /* Toolbelt.m in Sources */ = {isa = PBXBuildFile; fileRef = 923C143B18826F280017BAF3 /* Toolbelt.m */; };
		923C143E18827E550017BAF3 /* Toolbelt@2x.png in Resources */ = {isa = PBXBuildFile; fileRef = 923C143D18827E550017BAF3 /* Toolbelt@2x.png */; };
		923C1440188288950017BAF3 /* OR-gate@2x.png in Resources */ = {isa = PBXBuildFile; fileRef = 923C143F188288950017BAF3 /* OR-gate@2x.png */; };
		9253C409188545EC00D2509C /* CreateGatePanGestureRecognizer.m in Sources */ = {isa = PBXBuildFile; fileRef = 9253C408188545EC00D2509C /* CreateGatePanGestureRecognizer.m */; };
		9253C40C18854D0B00D2509C /* CreateLinkGestureRecognizer.m in Sources */ = {isa = PBXBuildFile; fileRef = 9253C40B18854D0B00D2509C /* CreateLinkGestureRecognizer.m */; };
		9269EF71188107DE00C8804D /* SocketClient.m in Sources */ = {isa = PBXBuildFile; fileRef = 9269EF70188107DE00C8804D /* SocketClient.m */; };
		9288061B187210180096A1CA /* Shader.vsh in Sources */ = {isa = PBXBuildFile; fileRef = 9204C38E182E2F5C006A008D /* Shader.vsh */; };
		9288061E1872136A0096A1CA /* background.png in Resources */ = {isa = PBXBuildFile; fileRef = 9288061D1872136A0096A1CA /* background.png */; };
		92880621187243800096A1CA /* Sprite.vsh in Sources */ = {isa = PBXBuildFile; fileRef = 92880620187243800096A1CA /* Sprite.vsh */; };
		928806231872438E0096A1CA /* Sprite.fsh in Sources */ = {isa = PBXBuildFile; fileRef = 928806221872438E0096A1CA /* Sprite.fsh */; };
		9288062418725AB20096A1CA /* Sprite.vsh in Resources */ = {isa = PBXBuildFile; fileRef = 92880620187243800096A1CA /* Sprite.vsh */; };
		9288062518725AB20096A1CA /* Sprite.fsh in Resources */ = {isa = PBXBuildFile; fileRef = 928806221872438E0096A1CA /* Sprite.fsh */; };
		928BBFA218727C4000EF6DDF /* testbg.png in Resources */ = {isa = PBXBuildFile; fileRef = 928BBFA118727C4000EF6DDF /* testbg.png */; };
		92A28A5B187428BE00F0D934 /* nand.json in Resources */ = {isa = PBXBuildFile; fileRef = 92A28A5A187428BE00F0D934 /* nand.json */; };
		92A28A5E187433E800F0D934 /* Circuit.m in Sources */ = {isa = PBXBuildFile; fileRef = 92A28A5D187433E800F0D934 /* Circuit.m */; };
		92A28A601875487500F0D934 /* gate-test.png in Resources */ = {isa = PBXBuildFile; fileRef = 92A28A5F1875487500F0D934 /* gate-test.png */; };
		92A4F86D187289F300EEB367 /* Viewport.m in Sources */ = {isa = PBXBuildFile; fileRef = 92A4F86C187289F300EEB367 /* Viewport.m */; };
		92A4F87018728A1F00EEB367 /* Drawable.m in Sources */ = {isa = PBXBuildFile; fileRef = 92A4F86F18728A1F00EEB367 /* Drawable.m */; };
		92A4F871187295EF00EEB367 /* Grid.vsh in Resources */ = {isa = PBXBuildFile; fileRef = 92D90E3C1838E9CD00387FAC /* Grid.vsh */; };
		92A4F872187295EF00EEB367 /* Grid.fsh in Resources */ = {isa = PBXBuildFile; fileRef = 92D90E3E1838E9D700387FAC /* Grid.fsh */; };
		92B269AF1886B175007E9866 /* ImageAtlas.m in Sources */ = {isa = PBXBuildFile; fileRef = 92B269AE1886B175007E9866 /* ImageAtlas.m */; };
		92D90E321837807000387FAC /* Sprite.m in Sources */ = {isa = PBXBuildFile; fileRef = 92D90E311837807000387FAC /* Sprite.m */; };
		92D90E381837836500387FAC /* ShaderEffect.m in Sources */ = {isa = PBXBuildFile; fileRef = 92D90E371837836500387FAC /* ShaderEffect.m */; };
		92D90E3B1838D7AB00387FAC /* Grid.m in Sources */ = {isa = PBXBuildFile; fileRef = 92D90E3A1838D7AB00387FAC /* Grid.m */; };
		92D90E3D1838E9CD00387FAC /* Grid.vsh in Sources */ = {isa = PBXBuildFile; fileRef = 92D90E3C1838E9CD00387FAC /* Grid.vsh */; };
		92D90E3F1838E9D700387FAC /* Grid.fsh in Sources */ = {isa = PBXBuildFile; fileRef = 92D90E3E1838E9D700387FAC /* Grid.fsh */; };
		92DE44AE187C153F00014CB9 /* circuit.image-atlas in Resources */ = {isa = PBXBuildFile; fileRef = 92DE44AD187C153F00014CB9 /* circuit.image-atlas */; };
		92E037BF188425E80047F736 /* DragGateGestureRecognizer.m in Sources */ = {isa = PBXBuildFile; fileRef = 92E037BE188425E80047F736 /* DragGateGestureRecognizer.m */; };
		92E304631894D6C100003157 /* ToolbeltItem.m in Sources */ = {isa = PBXBuildFile; fileRef = 92E304621894D6C100003157 /* ToolbeltItem.m */; };
		CBCFD569C58147F5B4C87DD5 /* libPods.a in Frameworks */ = {isa = PBXBuildFile; fileRef = EB58C125A61B4A21B04D8C5D /* libPods.a */; };
/* End PBXBuildFile section */

/* Begin PBXBuildRule section */
		92BE2A3D187C0EDE001DCC59 /* PBXBuildRule */ = {
			isa = PBXBuildRule;
			compilerSpec = com.apple.compilers.proxy.script;
			filePatterns = "*.image-atlas";
			fileType = pattern.proxy;
			isEditable = 1;
			outputFiles = (
				"$(DERIVED_FILE_DIR)/$(INPUT_FILE_BASE)-atlas.png",
				"$(DERIVED_FILE_DIR)/$(INPUT_FILE_BASE)-atlas.json",
			);
			script = "cd \"$SRCROOT/tools\"\necho $PWD\nexport PATH=\"/usr/local/bin:$PATH\"\nnpm install --production\nnode ./spritesheet.js \"$INPUT_FILE_PATH\" \"temp.png\" > \"$DERIVED_FILE_DIR/$INPUT_FILE_BASE-atlas.json\"\necho Compressing png...\n$DEVELOPER_TOOLS_DIR/../usr/bin/xcrun -sdk iphoneos pngcrush -iphone temp.png \"$DERIVED_FILE_DIR/$INPUT_FILE_BASE-atlas.png\"\n# $DEVELOPER_TOOLS_DIR/../usr/bin/xcrun -sdk iphoneos pngcrush -revert-iphone-optimizations \"$DERIVED_FILE_DIR/$INPUT_FILE_BASE-atlas.png\" \"$DERIVED_FILE_DIR/$INPUT_FILE_BASE-atlas.png\"\necho delete temp files\nrm temp.png\n";
		};
/* End PBXBuildRule section */

/* Begin PBXContainerItemProxy section */
		9204C39E182E2F5C006A008D /* PBXContainerItemProxy */ = {
			isa = PBXContainerItemProxy;
			containerPortal = 9204C368182E2F5C006A008D /* Project object */;
			proxyType = 1;
			remoteGlobalIDString = 9204C36F182E2F5C006A008D;
			remoteInfo = Circuitry;
		};
/* End PBXContainerItemProxy section */

/* Begin PBXFileReference section */
		9204C370182E2F5C006A008D /* circuitry.app */ = {isa = PBXFileReference; explicitFileType = wrapper.application; includeInIndex = 0; path = circuitry.app; sourceTree = BUILT_PRODUCTS_DIR; };
		9204C373182E2F5C006A008D /* Foundation.framework */ = {isa = PBXFileReference; lastKnownFileType = wrapper.framework; name = Foundation.framework; path = System/Library/Frameworks/Foundation.framework; sourceTree = SDKROOT; };
		9204C375182E2F5C006A008D /* CoreGraphics.framework */ = {isa = PBXFileReference; lastKnownFileType = wrapper.framework; name = CoreGraphics.framework; path = System/Library/Frameworks/CoreGraphics.framework; sourceTree = SDKROOT; };
		9204C377182E2F5C006A008D /* UIKit.framework */ = {isa = PBXFileReference; lastKnownFileType = wrapper.framework; name = UIKit.framework; path = System/Library/Frameworks/UIKit.framework; sourceTree = SDKROOT; };
		9204C379182E2F5C006A008D /* GLKit.framework */ = {isa = PBXFileReference; lastKnownFileType = wrapper.framework; name = GLKit.framework; path = System/Library/Frameworks/GLKit.framework; sourceTree = SDKROOT; };
		9204C37B182E2F5C006A008D /* OpenGLES.framework */ = {isa = PBXFileReference; lastKnownFileType = wrapper.framework; name = OpenGLES.framework; path = System/Library/Frameworks/OpenGLES.framework; sourceTree = SDKROOT; };
		9204C37F182E2F5C006A008D /* Circuitry-Info.plist */ = {isa = PBXFileReference; lastKnownFileType = text.plist.xml; path = "Circuitry-Info.plist"; sourceTree = "<group>"; };
		9204C381182E2F5C006A008D /* en */ = {isa = PBXFileReference; lastKnownFileType = text.plist.strings; name = en; path = en.lproj/InfoPlist.strings; sourceTree = "<group>"; };
		9204C383182E2F5C006A008D /* main.m */ = {isa = PBXFileReference; lastKnownFileType = sourcecode.c.objc; path = main.m; sourceTree = "<group>"; };
		9204C385182E2F5C006A008D /* Circuitry-Prefix.pch */ = {isa = PBXFileReference; lastKnownFileType = sourcecode.c.h; path = "Circuitry-Prefix.pch"; sourceTree = "<group>"; };
		9204C386182E2F5C006A008D /* AppDelegate.h */ = {isa = PBXFileReference; lastKnownFileType = sourcecode.c.h; path = AppDelegate.h; sourceTree = "<group>"; };
		9204C387182E2F5C006A008D /* AppDelegate.m */ = {isa = PBXFileReference; lastKnownFileType = sourcecode.c.objc; path = AppDelegate.m; sourceTree = "<group>"; };
		9204C38A182E2F5C006A008D /* Base */ = {isa = PBXFileReference; lastKnownFileType = file.storyboard; name = Base; path = Base.lproj/Main.storyboard; sourceTree = "<group>"; };
		9204C38C182E2F5C006A008D /* Shader.fsh */ = {isa = PBXFileReference; explicitFileType = sourcecode.glsl; name = Shader.fsh; path = Shaders/Shader.fsh; sourceTree = "<group>"; };
		9204C38E182E2F5C006A008D /* Shader.vsh */ = {isa = PBXFileReference; explicitFileType = sourcecode.glsl; name = Shader.vsh; path = Shaders/Shader.vsh; sourceTree = "<group>"; };
		9204C390182E2F5C006A008D /* ViewController.h */ = {isa = PBXFileReference; lastKnownFileType = sourcecode.c.h; path = ViewController.h; sourceTree = "<group>"; };
		9204C391182E2F5C006A008D /* ViewController.m */ = {isa = PBXFileReference; lastKnownFileType = sourcecode.c.objc; path = ViewController.m; sourceTree = "<group>"; };
		9204C393182E2F5C006A008D /* Images.xcassets */ = {isa = PBXFileReference; lastKnownFileType = folder.assetcatalog; path = Images.xcassets; sourceTree = "<group>"; };
		9204C399182E2F5C006A008D /* CircuitryTests.xctest */ = {isa = PBXFileReference; explicitFileType = wrapper.cfbundle; includeInIndex = 0; path = CircuitryTests.xctest; sourceTree = BUILT_PRODUCTS_DIR; };
		9204C39A182E2F5C006A008D /* XCTest.framework */ = {isa = PBXFileReference; lastKnownFileType = wrapper.framework; name = XCTest.framework; path = Library/Frameworks/XCTest.framework; sourceTree = DEVELOPER_DIR; };
		9204C3A2182E2F5C006A008D /* CircuitryTests-Info.plist */ = {isa = PBXFileReference; lastKnownFileType = text.plist.xml; path = "CircuitryTests-Info.plist"; sourceTree = "<group>"; };
		9204C3A4182E2F5C006A008D /* en */ = {isa = PBXFileReference; lastKnownFileType = text.plist.strings; name = en; path = en.lproj/InfoPlist.strings; sourceTree = "<group>"; };
		9204C3A6182E2F5C006A008D /* CircuitryTests.m */ = {isa = PBXFileReference; lastKnownFileType = sourcecode.c.objc; path = CircuitryTests.m; sourceTree = "<group>"; };
		9208B106187565390038A52A /* Circuitry.entitlements */ = {isa = PBXFileReference; lastKnownFileType = text.xml; path = Circuitry.entitlements; sourceTree = "<group>"; };
		9218F7361876978A00742F99 /* LinkBezier.h */ = {isa = PBXFileReference; fileEncoding = 4; lastKnownFileType = sourcecode.c.h; path = LinkBezier.h; sourceTree = "<group>"; };
		9218F7371876978A00742F99 /* LinkBezier.m */ = {isa = PBXFileReference; fileEncoding = 4; lastKnownFileType = sourcecode.c.objc; path = LinkBezier.m; sourceTree = "<group>"; };
		9218F7391876981900742F99 /* LinkBezier.fsh */ = {isa = PBXFileReference; fileEncoding = 4; lastKnownFileType = sourcecode.glsl; path = LinkBezier.fsh; sourceTree = "<group>"; };
		9218F73B1876982100742F99 /* LinkBezier.vsh */ = {isa = PBXFileReference; fileEncoding = 4; lastKnownFileType = sourcecode.glsl; path = LinkBezier.vsh; sourceTree = "<group>"; };
		923056A018759577005AE348 /* Configurations.plist */ = {isa = PBXFileReference; fileEncoding = 4; lastKnownFileType = text.plist.xml; path = Configurations.plist; sourceTree = "<group>"; };
		9232B64F18780CFE00E45C7E /* BatchedSprite.h */ = {isa = PBXFileReference; fileEncoding = 4; lastKnownFileType = sourcecode.c.h; path = BatchedSprite.h; sourceTree = "<group>"; };
		9232B65018780CFE00E45C7E /* BatchedSprite.m */ = {isa = PBXFileReference; fileEncoding = 4; lastKnownFileType = sourcecode.c.objc; path = BatchedSprite.m; sourceTree = "<group>"; };
		9232B6521878140500E45C7E /* BatchedSprite.vsh */ = {isa = PBXFileReference; fileEncoding = 4; lastKnownFileType = sourcecode.glsl; path = BatchedSprite.vsh; sourceTree = "<group>"; };
		9232B6541878353A00E45C7E /* BatchedSprite.fsh */ = {isa = PBXFileReference; fileEncoding = 4; lastKnownFileType = sourcecode.glsl; path = BatchedSprite.fsh; sourceTree = "<group>"; };
		923C143618826D960017BAF3 /* HUD.h */ = {isa = PBXFileReference; fileEncoding = 4; lastKnownFileType = sourcecode.c.h; path = HUD.h; sourceTree = "<group>"; };
		923C143718826D960017BAF3 /* HUD.m */ = {isa = PBXFileReference; fileEncoding = 4; lastKnownFileType = sourcecode.c.objc; path = HUD.m; sourceTree = "<group>"; };
		923C143A18826F280017BAF3 /* Toolbelt.h */ = {isa = PBXFileReference; fileEncoding = 4; lastKnownFileType = sourcecode.c.h; path = Toolbelt.h; sourceTree = "<group>"; };
		923C143B18826F280017BAF3 /* Toolbelt.m */ = {isa = PBXFileReference; fileEncoding = 4; lastKnownFileType = sourcecode.c.objc; path = Toolbelt.m; sourceTree = "<group>"; };
		923C143D18827E550017BAF3 /* Toolbelt@2x.png */ = {isa = PBXFileReference; lastKnownFileType = image.png; path = "Toolbelt@2x.png"; sourceTree = "<group>"; };
		923C143F188288950017BAF3 /* OR-gate@2x.png */ = {isa = PBXFileReference; lastKnownFileType = image.png; name = "OR-gate@2x.png"; path = "../../../../Desktop/OR-gate@2x.png"; sourceTree = "<group>"; };
		9253C407188545EC00D2509C /* CreateGatePanGestureRecognizer.h */ = {isa = PBXFileReference; fileEncoding = 4; lastKnownFileType = sourcecode.c.h; path = CreateGatePanGestureRecognizer.h; sourceTree = "<group>"; };
		9253C408188545EC00D2509C /* CreateGatePanGestureRecognizer.m */ = {isa = PBXFileReference; fileEncoding = 4; lastKnownFileType = sourcecode.c.objc; path = CreateGatePanGestureRecognizer.m; sourceTree = "<group>"; };
		9253C40A18854D0B00D2509C /* CreateLinkGestureRecognizer.h */ = {isa = PBXFileReference; fileEncoding = 4; lastKnownFileType = sourcecode.c.h; path = CreateLinkGestureRecognizer.h; sourceTree = "<group>"; };
		9253C40B18854D0B00D2509C /* CreateLinkGestureRecognizer.m */ = {isa = PBXFileReference; fileEncoding = 4; lastKnownFileType = sourcecode.c.objc; path = CreateLinkGestureRecognizer.m; sourceTree = "<group>"; };
		9269EF6F188107DE00C8804D /* SocketClient.h */ = {isa = PBXFileReference; fileEncoding = 4; lastKnownFileType = sourcecode.c.h; path = SocketClient.h; sourceTree = "<group>"; };
		9269EF70188107DE00C8804D /* SocketClient.m */ = {isa = PBXFileReference; fileEncoding = 4; lastKnownFileType = sourcecode.c.objc; path = SocketClient.m; sourceTree = "<group>"; };
		9288061D1872136A0096A1CA /* background.png */ = {isa = PBXFileReference; lastKnownFileType = image.png; name = background.png; path = ../background.png; sourceTree = "<group>"; };
		92880620187243800096A1CA /* Sprite.vsh */ = {isa = PBXFileReference; explicitFileType = sourcecode.glsl; fileEncoding = 4; name = Sprite.vsh; path = ../Sprite.vsh; sourceTree = "<group>"; };
		928806221872438E0096A1CA /* Sprite.fsh */ = {isa = PBXFileReference; explicitFileType = sourcecode.glsl; fileEncoding = 4; name = Sprite.fsh; path = ../Sprite.fsh; sourceTree = "<group>"; };
		928BBFA118727C4000EF6DDF /* testbg.png */ = {isa = PBXFileReference; lastKnownFileType = image.png; name = testbg.png; path = ../testbg.png; sourceTree = "<group>"; };
		92A28A5A187428BE00F0D934 /* nand.json */ = {isa = PBXFileReference; fileEncoding = 4; lastKnownFileType = text.json; path = nand.json; sourceTree = "<group>"; };
		92A28A5C187433E800F0D934 /* Circuit.h */ = {isa = PBXFileReference; fileEncoding = 4; lastKnownFileType = sourcecode.c.h; path = Circuit.h; sourceTree = "<group>"; };
		92A28A5D187433E800F0D934 /* Circuit.m */ = {isa = PBXFileReference; fileEncoding = 4; lastKnownFileType = sourcecode.c.objc; path = Circuit.m; sourceTree = "<group>"; };
		92A28A5F1875487500F0D934 /* gate-test.png */ = {isa = PBXFileReference; lastKnownFileType = image.png; name = "gate-test.png"; path = "../gate-test.png"; sourceTree = "<group>"; };
		92A4F86B187289F300EEB367 /* Viewport.h */ = {isa = PBXFileReference; fileEncoding = 4; lastKnownFileType = sourcecode.c.h; path = Viewport.h; sourceTree = "<group>"; };
		92A4F86C187289F300EEB367 /* Viewport.m */ = {isa = PBXFileReference; fileEncoding = 4; lastKnownFileType = sourcecode.c.objc; path = Viewport.m; sourceTree = "<group>"; };
		92A4F86E18728A1F00EEB367 /* Drawable.h */ = {isa = PBXFileReference; fileEncoding = 4; lastKnownFileType = sourcecode.c.h; name = Drawable.h; path = ../Drawable.h; sourceTree = "<group>"; };
		92A4F86F18728A1F00EEB367 /* Drawable.m */ = {isa = PBXFileReference; fileEncoding = 4; lastKnownFileType = sourcecode.c.objc; name = Drawable.m; path = ../Drawable.m; sourceTree = "<group>"; };
		92B269AD1886B175007E9866 /* ImageAtlas.h */ = {isa = PBXFileReference; fileEncoding = 4; lastKnownFileType = sourcecode.c.h; path = ImageAtlas.h; sourceTree = "<group>"; };
		92B269AE1886B175007E9866 /* ImageAtlas.m */ = {isa = PBXFileReference; fileEncoding = 4; lastKnownFileType = sourcecode.c.objc; path = ImageAtlas.m; sourceTree = "<group>"; };
		92D90E301837807000387FAC /* Sprite.h */ = {isa = PBXFileReference; fileEncoding = 4; lastKnownFileType = sourcecode.c.h; path = Sprite.h; sourceTree = "<group>"; };
		92D90E311837807000387FAC /* Sprite.m */ = {isa = PBXFileReference; fileEncoding = 4; lastKnownFileType = sourcecode.c.objc; path = Sprite.m; sourceTree = "<group>"; };
		92D90E361837836500387FAC /* ShaderEffect.h */ = {isa = PBXFileReference; fileEncoding = 4; lastKnownFileType = sourcecode.c.h; name = ShaderEffect.h; path = ../ShaderEffect.h; sourceTree = "<group>"; };
		92D90E371837836500387FAC /* ShaderEffect.m */ = {isa = PBXFileReference; fileEncoding = 4; lastKnownFileType = sourcecode.c.objc; name = ShaderEffect.m; path = ../ShaderEffect.m; sourceTree = "<group>"; };
		92D90E391838D7AB00387FAC /* Grid.h */ = {isa = PBXFileReference; fileEncoding = 4; lastKnownFileType = sourcecode.c.h; name = Grid.h; path = ../Grid.h; sourceTree = "<group>"; };
		92D90E3A1838D7AB00387FAC /* Grid.m */ = {isa = PBXFileReference; fileEncoding = 4; lastKnownFileType = sourcecode.c.objc; name = Grid.m; path = ../Grid.m; sourceTree = "<group>"; };
		92D90E3C1838E9CD00387FAC /* Grid.vsh */ = {isa = PBXFileReference; fileEncoding = 4; lastKnownFileType = sourcecode.glsl; path = Grid.vsh; sourceTree = "<group>"; };
		92D90E3E1838E9D700387FAC /* Grid.fsh */ = {isa = PBXFileReference; fileEncoding = 4; lastKnownFileType = sourcecode.glsl; path = Grid.fsh; sourceTree = "<group>"; };
		92DE44AD187C153F00014CB9 /* circuit.image-atlas */ = {isa = PBXFileReference; lastKnownFileType = folder; path = "circuit.image-atlas"; sourceTree = "<group>"; };
		92E037BD188425E80047F736 /* DragGateGestureRecognizer.h */ = {isa = PBXFileReference; fileEncoding = 4; lastKnownFileType = sourcecode.c.h; path = DragGateGestureRecognizer.h; sourceTree = "<group>"; };
		92E037BE188425E80047F736 /* DragGateGestureRecognizer.m */ = {isa = PBXFileReference; fileEncoding = 4; lastKnownFileType = sourcecode.c.objc; path = DragGateGestureRecognizer.m; sourceTree = "<group>"; };
		92E304611894D6C100003157 /* ToolbeltItem.h */ = {isa = PBXFileReference; fileEncoding = 4; lastKnownFileType = sourcecode.c.h; path = ToolbeltItem.h; sourceTree = "<group>"; };
		92E304621894D6C100003157 /* ToolbeltItem.m */ = {isa = PBXFileReference; fileEncoding = 4; lastKnownFileType = sourcecode.c.objc; path = ToolbeltItem.m; sourceTree = "<group>"; };
		9B4B111902D943CCB431DEB6 /* Pods.xcconfig */ = {isa = PBXFileReference; includeInIndex = 1; lastKnownFileType = text.xcconfig; name = Pods.xcconfig; path = Pods/Pods.xcconfig; sourceTree = "<group>"; };
		EB58C125A61B4A21B04D8C5D /* libPods.a */ = {isa = PBXFileReference; explicitFileType = archive.ar; includeInIndex = 0; path = libPods.a; sourceTree = BUILT_PRODUCTS_DIR; };
/* End PBXFileReference section */

/* Begin PBXFrameworksBuildPhase section */
		9204C36D182E2F5C006A008D /* Frameworks */ = {
			isa = PBXFrameworksBuildPhase;
			buildActionMask = 2147483647;
			files = (
				9204C37C182E2F5C006A008D /* OpenGLES.framework in Frameworks */,
				9204C376182E2F5C006A008D /* CoreGraphics.framework in Frameworks */,
				9204C378182E2F5C006A008D /* UIKit.framework in Frameworks */,
				9204C37A182E2F5C006A008D /* GLKit.framework in Frameworks */,
				9204C374182E2F5C006A008D /* Foundation.framework in Frameworks */,
				CBCFD569C58147F5B4C87DD5 /* libPods.a in Frameworks */,
			);
			runOnlyForDeploymentPostprocessing = 0;
		};
		9204C396182E2F5C006A008D /* Frameworks */ = {
			isa = PBXFrameworksBuildPhase;
			buildActionMask = 2147483647;
			files = (
				9204C39B182E2F5C006A008D /* XCTest.framework in Frameworks */,
				9204C39D182E2F5C006A008D /* UIKit.framework in Frameworks */,
				9204C39C182E2F5C006A008D /* Foundation.framework in Frameworks */,
			);
			runOnlyForDeploymentPostprocessing = 0;
		};
/* End PBXFrameworksBuildPhase section */

/* Begin PBXGroup section */
		9204C367182E2F5C006A008D = {
			isa = PBXGroup;
			children = (
				92A28A59187428A600F0D934 /* Circuits */,
				9204C37D182E2F5C006A008D /* Circuitry */,
				9204C3A0182E2F5C006A008D /* CircuitryTests */,
				9204C372182E2F5C006A008D /* Frameworks */,
				9204C371182E2F5C006A008D /* Products */,
				9B4B111902D943CCB431DEB6 /* Pods.xcconfig */,
			);
			sourceTree = "<group>";
		};
		9204C371182E2F5C006A008D /* Products */ = {
			isa = PBXGroup;
			children = (
				9204C370182E2F5C006A008D /* circuitry.app */,
				9204C399182E2F5C006A008D /* CircuitryTests.xctest */,
			);
			name = Products;
			sourceTree = "<group>";
		};
		9204C372182E2F5C006A008D /* Frameworks */ = {
			isa = PBXGroup;
			children = (
				9204C373182E2F5C006A008D /* Foundation.framework */,
				9204C375182E2F5C006A008D /* CoreGraphics.framework */,
				9204C377182E2F5C006A008D /* UIKit.framework */,
				9204C379182E2F5C006A008D /* GLKit.framework */,
				9204C37B182E2F5C006A008D /* OpenGLES.framework */,
				9204C39A182E2F5C006A008D /* XCTest.framework */,
				EB58C125A61B4A21B04D8C5D /* libPods.a */,
			);
			name = Frameworks;
			sourceTree = "<group>";
		};
		9204C37D182E2F5C006A008D /* Circuitry */ = {
			isa = PBXGroup;
			children = (
				923C143D18827E550017BAF3 /* Toolbelt@2x.png */,
				923C143F188288950017BAF3 /* OR-gate@2x.png */,
				92DE44AD187C153F00014CB9 /* circuit.image-atlas */,
				927D1A191875A9F000457367 /* Models */,
				927D1A181875A9B400457367 /* OpenGL Views */,
				927D1A151875A98F00457367 /* ShaderEffect */,
				9208B106187565390038A52A /* Circuitry.entitlements */,
				9204C386182E2F5C006A008D /* AppDelegate.h */,
				9204C387182E2F5C006A008D /* AppDelegate.m */,
				9204C389182E2F5C006A008D /* Main.storyboard */,
				9253C40A18854D0B00D2509C /* CreateLinkGestureRecognizer.h */,
				9253C40B18854D0B00D2509C /* CreateLinkGestureRecognizer.m */,
				9253C407188545EC00D2509C /* CreateGatePanGestureRecognizer.h */,
				9253C408188545EC00D2509C /* CreateGatePanGestureRecognizer.m */,
				92E037BD188425E80047F736 /* DragGateGestureRecognizer.h */,
				92E037BE188425E80047F736 /* DragGateGestureRecognizer.m */,
				9204C38C182E2F5C006A008D /* Shader.fsh */,
				9204C38E182E2F5C006A008D /* Shader.vsh */,
				9204C393182E2F5C006A008D /* Images.xcassets */,
				9204C37E182E2F5C006A008D /* Supporting Files */,
				9269EF6F188107DE00C8804D /* SocketClient.h */,
				9269EF70188107DE00C8804D /* SocketClient.m */,
			);
			path = Circuitry;
			sourceTree = "<group>";
		};
		9204C37E182E2F5C006A008D /* Supporting Files */ = {
			isa = PBXGroup;
			children = (
				9204C37F182E2F5C006A008D /* Circuitry-Info.plist */,
				9204C380182E2F5C006A008D /* InfoPlist.strings */,
				9204C383182E2F5C006A008D /* main.m */,
				9204C385182E2F5C006A008D /* Circuitry-Prefix.pch */,
				923056A018759577005AE348 /* Configurations.plist */,
			);
			name = "Supporting Files";
			sourceTree = "<group>";
		};
		9204C3A0182E2F5C006A008D /* CircuitryTests */ = {
			isa = PBXGroup;
			children = (
				9204C3A6182E2F5C006A008D /* CircuitryTests.m */,
				9204C3A1182E2F5C006A008D /* Supporting Files */,
			);
			path = CircuitryTests;
			sourceTree = "<group>";
		};
		9204C3A1182E2F5C006A008D /* Supporting Files */ = {
			isa = PBXGroup;
			children = (
				9204C3A2182E2F5C006A008D /* CircuitryTests-Info.plist */,
				9204C3A3182E2F5C006A008D /* InfoPlist.strings */,
			);
			name = "Supporting Files";
			sourceTree = "<group>";
		};
		9218F735187696A100742F99 /* LinkBezier */ = {
			isa = PBXGroup;
			children = (
				9218F7361876978A00742F99 /* LinkBezier.h */,
				9218F7371876978A00742F99 /* LinkBezier.m */,
				9218F7391876981900742F99 /* LinkBezier.fsh */,
				9218F73B1876982100742F99 /* LinkBezier.vsh */,
			);
			name = LinkBezier;
			sourceTree = "<group>";
		};
		923C143918826DC00017BAF3 /* HUD */ = {
			isa = PBXGroup;
			children = (
				923C143618826D960017BAF3 /* HUD.h */,
				923C143718826D960017BAF3 /* HUD.m */,
				923C143A18826F280017BAF3 /* Toolbelt.h */,
				92E304611894D6C100003157 /* ToolbeltItem.h */,
				92E304621894D6C100003157 /* ToolbeltItem.m */,
				923C143B18826F280017BAF3 /* Toolbelt.m */,
			);
			name = HUD;
			sourceTree = "<group>";
		};
		927D1A131875A97000457367 /* Sprite */ = {
			isa = PBXGroup;
			children = (
				92880620187243800096A1CA /* Sprite.vsh */,
				928806221872438E0096A1CA /* Sprite.fsh */,
				92D90E301837807000387FAC /* Sprite.h */,
				92D90E311837807000387FAC /* Sprite.m */,
				9232B64F18780CFE00E45C7E /* BatchedSprite.h */,
				9232B65018780CFE00E45C7E /* BatchedSprite.m */,
				9232B6521878140500E45C7E /* BatchedSprite.vsh */,
				9232B6541878353A00E45C7E /* BatchedSprite.fsh */,
			);
			name = Sprite;
			sourceTree = "<group>";
		};
		927D1A141875A98400457367 /* Circuit */ = {
			isa = PBXGroup;
			children = (
				92A28A5C187433E800F0D934 /* Circuit.h */,
				92A28A5D187433E800F0D934 /* Circuit.m */,
			);
			name = Circuit;
			sourceTree = "<group>";
		};
		927D1A151875A98F00457367 /* ShaderEffect */ = {
			isa = PBXGroup;
			children = (
				92D90E361837836500387FAC /* ShaderEffect.h */,
				92D90E371837836500387FAC /* ShaderEffect.m */,
			);
			name = ShaderEffect;
			sourceTree = "<group>";
		};
		927D1A161875A99800457367 /* Grid */ = {
			isa = PBXGroup;
			children = (
				92D90E3C1838E9CD00387FAC /* Grid.vsh */,
				92D90E3E1838E9D700387FAC /* Grid.fsh */,
				92D90E391838D7AB00387FAC /* Grid.h */,
				92D90E3A1838D7AB00387FAC /* Grid.m */,
			);
			name = Grid;
			sourceTree = "<group>";
		};
		927D1A171875A9AA00457367 /* Viewport */ = {
			isa = PBXGroup;
			children = (
				928BBFA118727C4000EF6DDF /* testbg.png */,
				92A28A5F1875487500F0D934 /* gate-test.png */,
				9288061D1872136A0096A1CA /* background.png */,
				92A4F86B187289F300EEB367 /* Viewport.h */,
				92A4F86C187289F300EEB367 /* Viewport.m */,
				92B269AD1886B175007E9866 /* ImageAtlas.h */,
				92B269AE1886B175007E9866 /* ImageAtlas.m */,
			);
			name = Viewport;
			sourceTree = "<group>";
		};
		927D1A181875A9B400457367 /* OpenGL Views */ = {
			isa = PBXGroup;
			children = (
				9218F735187696A100742F99 /* LinkBezier */,
				92A4F86E18728A1F00EEB367 /* Drawable.h */,
				92A4F86F18728A1F00EEB367 /* Drawable.m */,
				9204C390182E2F5C006A008D /* ViewController.h */,
				9204C391182E2F5C006A008D /* ViewController.m */,
				927D1A131875A97000457367 /* Sprite */,
				927D1A161875A99800457367 /* Grid */,
				927D1A171875A9AA00457367 /* Viewport */,
				923C143918826DC00017BAF3 /* HUD */,
			);
			name = "OpenGL Views";
			sourceTree = "<group>";
		};
		927D1A191875A9F000457367 /* Models */ = {
			isa = PBXGroup;
			children = (
				927D1A141875A98400457367 /* Circuit */,
			);
			name = Models;
			sourceTree = "<group>";
		};
		92A28A59187428A600F0D934 /* Circuits */ = {
			isa = PBXGroup;
			children = (
				92A28A5A187428BE00F0D934 /* nand.json */,
			);
			name = Circuits;
			sourceTree = "<group>";
		};
/* End PBXGroup section */

/* Begin PBXNativeTarget section */
		9204C36F182E2F5C006A008D /* circuitry */ = {
			isa = PBXNativeTarget;
			buildConfigurationList = 9204C3AA182E2F5C006A008D /* Build configuration list for PBXNativeTarget "circuitry" */;
			buildPhases = (
				BC3AC6D7B3254235807EDC14 /* Check Pods Manifest.lock */,
				9204C36C182E2F5C006A008D /* Sources */,
				9204C36D182E2F5C006A008D /* Frameworks */,
				9204C36E182E2F5C006A008D /* Resources */,
				6A68470BA0224B4483CAB8C2 /* Copy Pods Resources */,
			);
			buildRules = (
				92BE2A3D187C0EDE001DCC59 /* PBXBuildRule */,
			);
			dependencies = (
			);
			name = circuitry;
			productName = circuitry;
			productReference = 9204C370182E2F5C006A008D /* circuitry.app */;
			productType = "com.apple.product-type.application";
		};
		9204C398182E2F5C006A008D /* CircuitryTests */ = {
			isa = PBXNativeTarget;
			buildConfigurationList = 9204C3AD182E2F5C006A008D /* Build configuration list for PBXNativeTarget "CircuitryTests" */;
			buildPhases = (
				9204C395182E2F5C006A008D /* Sources */,
				9204C396182E2F5C006A008D /* Frameworks */,
				9204C397182E2F5C006A008D /* Resources */,
			);
			buildRules = (
			);
			dependencies = (
				9204C39F182E2F5C006A008D /* PBXTargetDependency */,
			);
			name = CircuitryTests;
			productName = CircuitryTests;
			productReference = 9204C399182E2F5C006A008D /* CircuitryTests.xctest */;
			productType = "com.apple.product-type.bundle.unit-test";
		};
/* End PBXNativeTarget section */

/* Begin PBXProject section */
		9204C368182E2F5C006A008D /* Project object */ = {
			isa = PBXProject;
			attributes = {
				LastUpgradeCheck = 0500;
				ORGANIZATIONNAME = Circuitry;
				TargetAttributes = {
					9204C36F182E2F5C006A008D = {
						DevelopmentTeam = 5X6237AEMK;
						SystemCapabilities = {
							com.apple.iCloud = {
								enabled = 0;
							};
						};
					};
					9204C398182E2F5C006A008D = {
						TestTargetID = 9204C36F182E2F5C006A008D;
					};
				};
			};
			buildConfigurationList = 9204C36B182E2F5C006A008D /* Build configuration list for PBXProject "Circuitry" */;
			compatibilityVersion = "Xcode 3.2";
			developmentRegion = English;
			hasScannedForEncodings = 0;
			knownRegions = (
				en,
				Base,
			);
			mainGroup = 9204C367182E2F5C006A008D;
			productRefGroup = 9204C371182E2F5C006A008D /* Products */;
			projectDirPath = "";
			projectRoot = "";
			targets = (
				9204C36F182E2F5C006A008D /* circuitry */,
				9204C398182E2F5C006A008D /* CircuitryTests */,
			);
		};
/* End PBXProject section */

/* Begin PBXResourcesBuildPhase section */
		9204C36E182E2F5C006A008D /* Resources */ = {
			isa = PBXResourcesBuildPhase;
			buildActionMask = 2147483647;
			files = (
				9232B6761878436E00E45C7E /* BatchedSprite.vsh in Resources */,
				923C143E18827E550017BAF3 /* Toolbelt@2x.png in Resources */,
				92DE44AE187C153F00014CB9 /* circuit.image-atlas in Resources */,
				9232B6771878436E00E45C7E /* BatchedSprite.fsh in Resources */,
				923C1440188288950017BAF3 /* OR-gate@2x.png in Resources */,
				9218F73D1876AB7C00742F99 /* LinkBezier.fsh in Resources */,
				9218F73E1876AB7C00742F99 /* LinkBezier.vsh in Resources */,
				92A4F871187295EF00EEB367 /* Grid.vsh in Resources */,
				923056A118759577005AE348 /* Configurations.plist in Resources */,
				92A4F872187295EF00EEB367 /* Grid.fsh in Resources */,
				9288062418725AB20096A1CA /* Sprite.vsh in Resources */,
				9288062518725AB20096A1CA /* Sprite.fsh in Resources */,
				928BBFA218727C4000EF6DDF /* testbg.png in Resources */,
				9204C394182E2F5C006A008D /* Images.xcassets in Resources */,
				92A28A601875487500F0D934 /* gate-test.png in Resources */,
				92A28A5B187428BE00F0D934 /* nand.json in Resources */,
				9288061E1872136A0096A1CA /* background.png in Resources */,
				9204C382182E2F5C006A008D /* InfoPlist.strings in Resources */,
				9204C38B182E2F5C006A008D /* Main.storyboard in Resources */,
			);
			runOnlyForDeploymentPostprocessing = 0;
		};
		9204C397182E2F5C006A008D /* Resources */ = {
			isa = PBXResourcesBuildPhase;
			buildActionMask = 2147483647;
			files = (
				9204C3A5182E2F5C006A008D /* InfoPlist.strings in Resources */,
			);
			runOnlyForDeploymentPostprocessing = 0;
		};
/* End PBXResourcesBuildPhase section */

/* Begin PBXShellScriptBuildPhase section */
		6A68470BA0224B4483CAB8C2 /* Copy Pods Resources */ = {
			isa = PBXShellScriptBuildPhase;
			buildActionMask = 2147483647;
			files = (
			);
			inputPaths = (
			);
			name = "Copy Pods Resources";
			outputPaths = (
			);
			runOnlyForDeploymentPostprocessing = 0;
			shellPath = /bin/sh;
			shellScript = "\"${SRCROOT}/Pods/Pods-resources.sh\"\n";
			showEnvVarsInLog = 0;
		};
		BC3AC6D7B3254235807EDC14 /* Check Pods Manifest.lock */ = {
			isa = PBXShellScriptBuildPhase;
			buildActionMask = 2147483647;
			files = (
			);
			inputPaths = (
			);
			name = "Check Pods Manifest.lock";
			outputPaths = (
			);
			runOnlyForDeploymentPostprocessing = 0;
			shellPath = /bin/sh;
			shellScript = "diff \"${PODS_ROOT}/../Podfile.lock\" \"${PODS_ROOT}/Manifest.lock\" > /dev/null\nif [[ $? != 0 ]] ; then\n    cat << EOM\nerror: The sandbox is not in sync with the Podfile.lock. Run 'pod install' or update your CocoaPods installation.\nEOM\n    exit 1\nfi\n";
			showEnvVarsInLog = 0;
		};
/* End PBXShellScriptBuildPhase section */

/* Begin PBXSourcesBuildPhase section */
		9204C36C182E2F5C006A008D /* Sources */ = {
			isa = PBXSourcesBuildPhase;
			buildActionMask = 2147483647;
			files = (
				928806231872438E0096A1CA /* Sprite.fsh in Sources */,
				92B269AF1886B175007E9866 /* ImageAtlas.m in Sources */,
				92A28A5E187433E800F0D934 /* Circuit.m in Sources */,
				9232B65118780CFE00E45C7E /* BatchedSprite.m in Sources */,
				9253C40C18854D0B00D2509C /* CreateLinkGestureRecognizer.m in Sources */,
				92A4F86D187289F300EEB367 /* Viewport.m in Sources */,
				92E037BF188425E80047F736 /* DragGateGestureRecognizer.m in Sources */,
				92D90E3D1838E9CD00387FAC /* Grid.vsh in Sources */,
				92D90E3B1838D7AB00387FAC /* Grid.m in Sources */,
				9269EF71188107DE00C8804D /* SocketClient.m in Sources */,
				9232B6551878353A00E45C7E /* BatchedSprite.fsh in Sources */,
				9218F73C1876982100742F99 /* LinkBezier.vsh in Sources */,
				92880621187243800096A1CA /* Sprite.vsh in Sources */,
				9204C392182E2F5C006A008D /* ViewController.m in Sources */,
				923C143818826D960017BAF3 /* HUD.m in Sources */,
				9204C388182E2F5C006A008D /* AppDelegate.m in Sources */,
				92D90E321837807000387FAC /* Sprite.m in Sources */,
				92E304631894D6C100003157 /* ToolbeltItem.m in Sources */,
				923C143C18826F280017BAF3 /* Toolbelt.m in Sources */,
				92A4F87018728A1F00EEB367 /* Drawable.m in Sources */,
				9288061B187210180096A1CA /* Shader.vsh in Sources */,
				92D90E3F1838E9D700387FAC /* Grid.fsh in Sources */,
				9218F73A1876981900742F99 /* LinkBezier.fsh in Sources */,
				9218F7381876978A00742F99 /* LinkBezier.m in Sources */,
				9253C409188545EC00D2509C /* CreateGatePanGestureRecognizer.m in Sources */,
				9232B6531878140500E45C7E /* BatchedSprite.vsh in Sources */,
				92D90E381837836500387FAC /* ShaderEffect.m in Sources */,
				9204C384182E2F5C006A008D /* main.m in Sources */,
			);
			runOnlyForDeploymentPostprocessing = 0;
		};
		9204C395182E2F5C006A008D /* Sources */ = {
			isa = PBXSourcesBuildPhase;
			buildActionMask = 2147483647;
			files = (
				9204C3A7182E2F5C006A008D /* CircuitryTests.m in Sources */,
			);
			runOnlyForDeploymentPostprocessing = 0;
		};
/* End PBXSourcesBuildPhase section */

/* Begin PBXTargetDependency section */
		9204C39F182E2F5C006A008D /* PBXTargetDependency */ = {
			isa = PBXTargetDependency;
			target = 9204C36F182E2F5C006A008D /* circuitry */;
			targetProxy = 9204C39E182E2F5C006A008D /* PBXContainerItemProxy */;
		};
/* End PBXTargetDependency section */

/* Begin PBXVariantGroup section */
		9204C380182E2F5C006A008D /* InfoPlist.strings */ = {
			isa = PBXVariantGroup;
			children = (
				9204C381182E2F5C006A008D /* en */,
			);
			name = InfoPlist.strings;
			sourceTree = "<group>";
		};
		9204C389182E2F5C006A008D /* Main.storyboard */ = {
			isa = PBXVariantGroup;
			children = (
				9204C38A182E2F5C006A008D /* Base */,
			);
			name = Main.storyboard;
			sourceTree = "<group>";
		};
		9204C3A3182E2F5C006A008D /* InfoPlist.strings */ = {
			isa = PBXVariantGroup;
			children = (
				9204C3A4182E2F5C006A008D /* en */,
			);
			name = InfoPlist.strings;
			sourceTree = "<group>";
		};
/* End PBXVariantGroup section */

/* Begin XCBuildConfiguration section */
		9204C3A8182E2F5C006A008D /* Debug */ = {
			isa = XCBuildConfiguration;
			buildSettings = {
				ALWAYS_SEARCH_USER_PATHS = NO;
				ARCHS = "$(ARCHS_STANDARD_INCLUDING_64_BIT)";
				CLANG_CXX_LANGUAGE_STANDARD = "gnu++0x";
				CLANG_CXX_LIBRARY = "libc++";
				CLANG_ENABLE_MODULES = YES;
				CLANG_ENABLE_OBJC_ARC = YES;
				CLANG_WARN_BOOL_CONVERSION = YES;
				CLANG_WARN_CONSTANT_CONVERSION = YES;
				CLANG_WARN_DIRECT_OBJC_ISA_USAGE = YES_ERROR;
				CLANG_WARN_EMPTY_BODY = YES;
				CLANG_WARN_ENUM_CONVERSION = YES;
				CLANG_WARN_INT_CONVERSION = YES;
				CLANG_WARN_OBJC_ROOT_CLASS = YES_ERROR;
				CLANG_WARN__DUPLICATE_METHOD_MATCH = YES;
				"CODE_SIGN_IDENTITY[sdk=iphoneos*]" = "iPhone Developer";
				COPY_PHASE_STRIP = NO;
				GCC_C_LANGUAGE_STANDARD = gnu99;
				GCC_DYNAMIC_NO_PIC = NO;
				GCC_OPTIMIZATION_LEVEL = 0;
				GCC_PREPROCESSOR_DEFINITIONS = (
					"DEBUG=1",
					"$(inherited)",
				);
				GCC_SYMBOLS_PRIVATE_EXTERN = NO;
				GCC_WARN_64_TO_32_BIT_CONVERSION = YES;
				GCC_WARN_ABOUT_RETURN_TYPE = YES_ERROR;
				GCC_WARN_UNDECLARED_SELECTOR = YES;
				GCC_WARN_UNINITIALIZED_AUTOS = YES;
				GCC_WARN_UNUSED_FUNCTION = YES;
				GCC_WARN_UNUSED_VARIABLE = YES;
				IPHONEOS_DEPLOYMENT_TARGET = 7.0;
				ONLY_ACTIVE_ARCH = YES;
				SDKROOT = iphoneos;
				TARGETED_DEVICE_FAMILY = 2;
			};
			name = Debug;
		};
		9204C3A9182E2F5C006A008D /* Release */ = {
			isa = XCBuildConfiguration;
			buildSettings = {
				ALWAYS_SEARCH_USER_PATHS = NO;
				ARCHS = "$(ARCHS_STANDARD_INCLUDING_64_BIT)";
				CLANG_CXX_LANGUAGE_STANDARD = "gnu++0x";
				CLANG_CXX_LIBRARY = "libc++";
				CLANG_ENABLE_MODULES = YES;
				CLANG_ENABLE_OBJC_ARC = YES;
				CLANG_WARN_BOOL_CONVERSION = YES;
				CLANG_WARN_CONSTANT_CONVERSION = YES;
				CLANG_WARN_DIRECT_OBJC_ISA_USAGE = YES_ERROR;
				CLANG_WARN_EMPTY_BODY = YES;
				CLANG_WARN_ENUM_CONVERSION = YES;
				CLANG_WARN_INT_CONVERSION = YES;
				CLANG_WARN_OBJC_ROOT_CLASS = YES_ERROR;
				CLANG_WARN__DUPLICATE_METHOD_MATCH = YES;
				"CODE_SIGN_IDENTITY[sdk=iphoneos*]" = "iPhone Developer";
				COPY_PHASE_STRIP = YES;
				ENABLE_NS_ASSERTIONS = NO;
				GCC_C_LANGUAGE_STANDARD = gnu99;
				GCC_WARN_64_TO_32_BIT_CONVERSION = YES;
				GCC_WARN_ABOUT_RETURN_TYPE = YES_ERROR;
				GCC_WARN_UNDECLARED_SELECTOR = YES;
				GCC_WARN_UNINITIALIZED_AUTOS = YES;
				GCC_WARN_UNUSED_FUNCTION = YES;
				GCC_WARN_UNUSED_VARIABLE = YES;
				IPHONEOS_DEPLOYMENT_TARGET = 7.0;
				SDKROOT = iphoneos;
				TARGETED_DEVICE_FAMILY = 2;
				VALIDATE_PRODUCT = YES;
			};
			name = Release;
		};
		9204C3AB182E2F5C006A008D /* Debug */ = {
			isa = XCBuildConfiguration;
			baseConfigurationReference = 9B4B111902D943CCB431DEB6 /* Pods.xcconfig */;
			buildSettings = {
				ASSETCATALOG_COMPILER_APPICON_NAME = AppIcon;
				ASSETCATALOG_COMPILER_LAUNCHIMAGE_NAME = LaunchImage;
				CODE_SIGN_IDENTITY = "iPhone Developer";
				"CODE_SIGN_IDENTITY[sdk=iphoneos*]" = "iPhone Developer";
				GCC_PRECOMPILE_PREFIX_HEADER = YES;
				GCC_PREFIX_HEADER = "Circuitry/Circuitry-Prefix.pch";
				INFOPLIST_FILE = "Circuitry/Circuitry-Info.plist";
				PRODUCT_NAME = "$(TARGET_NAME)";
				PROVISIONING_PROFILE = "";
				WRAPPER_EXTENSION = app;
			};
			name = Debug;
		};
		9204C3AC182E2F5C006A008D /* Release */ = {
			isa = XCBuildConfiguration;
			baseConfigurationReference = 9B4B111902D943CCB431DEB6 /* Pods.xcconfig */;
			buildSettings = {
				ASSETCATALOG_COMPILER_APPICON_NAME = AppIcon;
				ASSETCATALOG_COMPILER_LAUNCHIMAGE_NAME = LaunchImage;
				CODE_SIGN_IDENTITY = "iPhone Developer";
				"CODE_SIGN_IDENTITY[sdk=iphoneos*]" = "iPhone Distribution: Anthony Foster (5X6237AEMK)";
				GCC_PRECOMPILE_PREFIX_HEADER = YES;
				GCC_PREFIX_HEADER = "Circuitry/Circuitry-Prefix.pch";
				INFOPLIST_FILE = "Circuitry/Circuitry-Info.plist";
				PRODUCT_NAME = "$(TARGET_NAME)";
				PROVISIONING_PROFILE = "BB844EA7-30D6-4023-A23A-1763AEC65C56";
				WRAPPER_EXTENSION = app;
			};
			name = Release;
		};
		9204C3AE182E2F5C006A008D /* Debug */ = {
			isa = XCBuildConfiguration;
			buildSettings = {
				ARCHS = "$(ARCHS_STANDARD_INCLUDING_64_BIT)";
				BUNDLE_LOADER = "$(BUILT_PRODUCTS_DIR)/Circuitry.app/Circuitry";
				FRAMEWORK_SEARCH_PATHS = (
					"$(SDKROOT)/Developer/Library/Frameworks",
					"$(inherited)",
					"$(DEVELOPER_FRAMEWORKS_DIR)",
				);
				GCC_PRECOMPILE_PREFIX_HEADER = YES;
				GCC_PREFIX_HEADER = "Circuitry/Circuitry-Prefix.pch";
				GCC_PREPROCESSOR_DEFINITIONS = (
					"DEBUG=1",
					"$(inherited)",
				);
				INFOPLIST_FILE = "CircuitryTests/CircuitryTests-Info.plist";
				PRODUCT_NAME = "$(TARGET_NAME)";
				TEST_HOST = "$(BUNDLE_LOADER)";
				WRAPPER_EXTENSION = xctest;
			};
			name = Debug;
		};
		9204C3AF182E2F5C006A008D /* Release */ = {
			isa = XCBuildConfiguration;
			buildSettings = {
				ARCHS = "$(ARCHS_STANDARD_INCLUDING_64_BIT)";
				BUNDLE_LOADER = "$(BUILT_PRODUCTS_DIR)/Circuitry.app/Circuitry";
				FRAMEWORK_SEARCH_PATHS = (
					"$(SDKROOT)/Developer/Library/Frameworks",
					"$(inherited)",
					"$(DEVELOPER_FRAMEWORKS_DIR)",
				);
				GCC_PRECOMPILE_PREFIX_HEADER = YES;
				GCC_PREFIX_HEADER = "Circuitry/Circuitry-Prefix.pch";
				INFOPLIST_FILE = "CircuitryTests/CircuitryTests-Info.plist";
				PRODUCT_NAME = "$(TARGET_NAME)";
				TEST_HOST = "$(BUNDLE_LOADER)";
				WRAPPER_EXTENSION = xctest;
			};
			name = Release;
		};
/* End XCBuildConfiguration section */

/* Begin XCConfigurationList section */
		9204C36B182E2F5C006A008D /* Build configuration list for PBXProject "Circuitry" */ = {
			isa = XCConfigurationList;
			buildConfigurations = (
				9204C3A8182E2F5C006A008D /* Debug */,
				9204C3A9182E2F5C006A008D /* Release */,
			);
			defaultConfigurationIsVisible = 0;
			defaultConfigurationName = Release;
		};
		9204C3AA182E2F5C006A008D /* Build configuration list for PBXNativeTarget "circuitry" */ = {
			isa = XCConfigurationList;
			buildConfigurations = (
				9204C3AB182E2F5C006A008D /* Debug */,
				9204C3AC182E2F5C006A008D /* Release */,
			);
			defaultConfigurationIsVisible = 0;
			defaultConfigurationName = Release;
		};
		9204C3AD182E2F5C006A008D /* Build configuration list for PBXNativeTarget "CircuitryTests" */ = {
			isa = XCConfigurationList;
			buildConfigurations = (
				9204C3AE182E2F5C006A008D /* Debug */,
				9204C3AF182E2F5C006A008D /* Release */,
			);
			defaultConfigurationIsVisible = 0;
			defaultConfigurationName = Release;
		};
/* End XCConfigurationList section */
	};
	rootObject = 9204C368182E2F5C006A008D /* Project object */;
}
